// !$*UTF8*$!
{
	archiveVersion = 1;
	classes = {
	};
	objectVersion = 45;
	objects = {

/* Begin PBXBuildFile section */
		150829BD0E5009B400FB556A /* DoseFieldCell.m in Sources */ = {isa = PBXBuildFile; fileRef = 150829BA0E5009B400FB556A /* DoseFieldCell.m */; };
		150829BE0E5009B400FB556A /* DualTableViewCell.m in Sources */ = {isa = PBXBuildFile; fileRef = 150829BC0E5009B400FB556A /* DualTableViewCell.m */; };
		150829CA0E500A9700FB556A /* CategoryViewController.m in Sources */ = {isa = PBXBuildFile; fileRef = 150829C50E500A9700FB556A /* CategoryViewController.m */; };
		150829CB0E500A9700FB556A /* InsulinTypeViewController.m in Sources */ = {isa = PBXBuildFile; fileRef = 150829C70E500A9700FB556A /* InsulinTypeViewController.m */; };
		150829CC0E500A9700FB556A /* LogEntryViewController.m in Sources */ = {isa = PBXBuildFile; fileRef = 150829C90E500A9700FB556A /* LogEntryViewController.m */; };
		150829D50E500B0500FB556A /* Category.m in Sources */ = {isa = PBXBuildFile; fileRef = 150829CE0E500B0500FB556A /* Category.m */; };
		150829D60E500B0500FB556A /* InsulinDose.m in Sources */ = {isa = PBXBuildFile; fileRef = 150829D00E500B0500FB556A /* InsulinDose.m */; };
		150829D70E500B0500FB556A /* InsulinType.m in Sources */ = {isa = PBXBuildFile; fileRef = 150829D20E500B0500FB556A /* InsulinType.m */; };
		150829D80E500B0500FB556A /* LogEntry.m in Sources */ = {isa = PBXBuildFile; fileRef = 150829D40E500B0500FB556A /* LogEntry.m */; };
		150829F20E500DCA00FB556A /* CoreGraphics.framework in Frameworks */ = {isa = PBXBuildFile; fileRef = 150829F10E500DCA00FB556A /* CoreGraphics.framework */; };
		150829FE0E500E1000FB556A /* LogViewController.m in Sources */ = {isa = PBXBuildFile; fileRef = 150829FD0E500E1000FB556A /* LogViewController.m */; };
		153F26A10E7F70C000F75D9F /* Security.framework in Frameworks */ = {isa = PBXBuildFile; fileRef = 153F26A00E7F70C000F75D9F /* Security.framework */; };
		155A24660F2971160077FC20 /* NumberFieldCell.m in Sources */ = {isa = PBXBuildFile; fileRef = 155A24650F2971160077FC20 /* NumberFieldCell.m */; };
		155A26970F29B04B0077FC20 /* TextViewCell.m in Sources */ = {isa = PBXBuildFile; fileRef = 150829B70E50097100FB556A /* TextViewCell.m */; };
		155A26990F29B0610077FC20 /* TextFieldCell.m in Sources */ = {isa = PBXBuildFile; fileRef = 150829AC0E5008B100FB556A /* TextFieldCell.m */; };
		155A26A90F2AF5810077FC20 /* NumberField.m in Sources */ = {isa = PBXBuildFile; fileRef = 155A26A80F2AF5810077FC20 /* NumberField.m */; };
		1576A8B60E6667F7004EBBC0 /* Icon.png in Resources */ = {isa = PBXBuildFile; fileRef = 1576A8B50E6667F7004EBBC0 /* Icon.png */; };
		1585DEC10E6A217200FB9C39 /* glucose.sqlite in Resources */ = {isa = PBXBuildFile; fileRef = 1585DEC00E6A217200FB9C39 /* glucose.sqlite */; };
		1595CF570E999E1C00DA7CC6 /* PurgeViewController.m in Sources */ = {isa = PBXBuildFile; fileRef = 1595CF560E999E1C00DA7CC6 /* PurgeViewController.m */; };
		159B8F500E7243A7002C3975 /* SettingsViewController.m in Sources */ = {isa = PBXBuildFile; fileRef = 159B8F4D0E7243A7002C3975 /* SettingsViewController.m */; };
		159B8F510E7243A7002C3975 /* SlidingViewController.m in Sources */ = {isa = PBXBuildFile; fileRef = 159B8F4F0E7243A7002C3975 /* SlidingViewController.m */; };
		159E81980E5156A40097EA6F /* LogEntryCell.m in Sources */ = {isa = PBXBuildFile; fileRef = 159E81970E5156A40097EA6F /* LogEntryCell.m */; };
		159E84410E5558BD0097EA6F /* libsqlite3.0.dylib in Frameworks */ = {isa = PBXBuildFile; fileRef = 159E84400E5558BD0097EA6F /* libsqlite3.0.dylib */; };
		15A320720EC55E6500C16388 /* LabelCell.m in Sources */ = {isa = PBXBuildFile; fileRef = 15A320710EC55E6500C16388 /* LabelCell.m */; };
		15A321920ED28A7E00C16388 /* AddressBook.framework in Frameworks */ = {isa = PBXBuildFile; fileRef = 15A321910ED28A7E00C16388 /* AddressBook.framework */; };
		15A321940ED28A7E00C16388 /* AddressBookUI.framework in Frameworks */ = {isa = PBXBuildFile; fileRef = 15A321930ED28A7E00C16388 /* AddressBookUI.framework */; };
		15A322480ED35C9F00C16388 /* ContactListViewController.m in Sources */ = {isa = PBXBuildFile; fileRef = 15A322470ED35C9F00C16388 /* ContactListViewController.m */; };
		15A3225A0ED3E0D000C16388 /* Contact.m in Sources */ = {isa = PBXBuildFile; fileRef = 15A322590ED3E0D000C16388 /* Contact.m */; };
		15A326FF0ED7ED1300C16388 /* GDataEntryFolderDoc.m in Sources */ = {isa = PBXBuildFile; fileRef = 15A326FE0ED7ED1300C16388 /* GDataEntryFolderDoc.m */; };
		15AC4E570F3419B800250324 /* GDataGatherInputStream.m in Sources */ = {isa = PBXBuildFile; fileRef = 15AC4E4C0F3419B800250324 /* GDataGatherInputStream.m */; };
		15AC4E580F3419B800250324 /* GDataHTTPFetcher.m in Sources */ = {isa = PBXBuildFile; fileRef = 15AC4E4E0F3419B800250324 /* GDataHTTPFetcher.m */; };
		15AC4E590F3419B800250324 /* GDataHTTPFetcherLogging.m in Sources */ = {isa = PBXBuildFile; fileRef = 15AC4E500F3419B800250324 /* GDataHTTPFetcherLogging.m */; };
		15AC4E5A0F3419B800250324 /* GDataMIMEDocument.m in Sources */ = {isa = PBXBuildFile; fileRef = 15AC4E520F3419B800250324 /* GDataMIMEDocument.m */; };
		15AC4E5B0F3419B800250324 /* GDataProgressMonitorInputStream.m in Sources */ = {isa = PBXBuildFile; fileRef = 15AC4E540F3419B800250324 /* GDataProgressMonitorInputStream.m */; };
		15AC4E5C0F3419B800250324 /* GDataServerError.m in Sources */ = {isa = PBXBuildFile; fileRef = 15AC4E560F3419B800250324 /* GDataServerError.m */; };
		15AC4E6B0F341A1500250324 /* GDataACLRole.m in Sources */ = {isa = PBXBuildFile; fileRef = 15AC4E620F341A1500250324 /* GDataACLRole.m */; };
		15AC4E6C0F341A1500250324 /* GDataACLScope.m in Sources */ = {isa = PBXBuildFile; fileRef = 15AC4E640F341A1500250324 /* GDataACLScope.m */; };
		15AC4E6D0F341A1500250324 /* GDataEntryACL.m in Sources */ = {isa = PBXBuildFile; fileRef = 15AC4E660F341A1500250324 /* GDataEntryACL.m */; };
		15AC4E6E0F341A1500250324 /* GDataFeedACL.m in Sources */ = {isa = PBXBuildFile; fileRef = 15AC4E680F341A1500250324 /* GDataFeedACL.m */; };
		15AC4E6F0F341A1500250324 /* GDataServiceACL.m in Sources */ = {isa = PBXBuildFile; fileRef = 15AC4E6A0F341A1500250324 /* GDataServiceACL.m */; };
		15AF2FE20EC1799F00FC2403 /* LogDay.m in Sources */ = {isa = PBXBuildFile; fileRef = 15AF2FE10EC1799F00FC2403 /* LogDay.m */; };
		15E822C80E748613003322DC /* GDataFramework.m in Sources */ = {isa = PBXBuildFile; fileRef = 15E821490E748613003322DC /* GDataFramework.m */; };
		15E822C90E748613003322DC /* GDataUtilities.m in Sources */ = {isa = PBXBuildFile; fileRef = 15E8214B0E748613003322DC /* GDataUtilities.m */; };
		15E822CA0E748613003322DC /* GDataXMLNode.m in Sources */ = {isa = PBXBuildFile; fileRef = 15E8214C0E748613003322DC /* GDataXMLNode.m */; };
		15E822CB0E748613003322DC /* GDataObject.m in Sources */ = {isa = PBXBuildFile; fileRef = 15E821500E748613003322DC /* GDataObject.m */; };
		15E822CC0E748613003322DC /* GDataEntryBase.m in Sources */ = {isa = PBXBuildFile; fileRef = 15E821520E748613003322DC /* GDataEntryBase.m */; };
		15E822CE0E748613003322DC /* GDataFeedBase.m in Sources */ = {isa = PBXBuildFile; fileRef = 15E821560E748613003322DC /* GDataFeedBase.m */; };
		15E822D20E748613003322DC /* GDataQuery.m in Sources */ = {isa = PBXBuildFile; fileRef = 15E8215E0E748613003322DC /* GDataQuery.m */; };
		15E822D30E748613003322DC /* GDataServiceBase.m in Sources */ = {isa = PBXBuildFile; fileRef = 15E821600E748613003322DC /* GDataServiceBase.m */; };
		15E822D40E748613003322DC /* GDataServiceGoogle.m in Sources */ = {isa = PBXBuildFile; fileRef = 15E821620E748613003322DC /* GDataServiceGoogle.m */; };
		15E822D50E748613003322DC /* GDataBaseElements.m in Sources */ = {isa = PBXBuildFile; fileRef = 15E821650E748613003322DC /* GDataBaseElements.m */; };
		15E822D60E748613003322DC /* GDataAtomPubControl.m in Sources */ = {isa = PBXBuildFile; fileRef = 15E821680E748613003322DC /* GDataAtomPubControl.m */; };
		15E822D70E748613003322DC /* GDataLink.m in Sources */ = {isa = PBXBuildFile; fileRef = 15E8216A0E748613003322DC /* GDataLink.m */; };
		15E822D90E748613003322DC /* GDataComment.m in Sources */ = {isa = PBXBuildFile; fileRef = 15E8216E0E748613003322DC /* GDataComment.m */; };
		15E822DA0E748613003322DC /* GDataEntryLink.m in Sources */ = {isa = PBXBuildFile; fileRef = 15E821700E748613003322DC /* GDataEntryLink.m */; };
		15E822DB0E748613003322DC /* GDataFeedLink.m in Sources */ = {isa = PBXBuildFile; fileRef = 15E821720E748613003322DC /* GDataFeedLink.m */; };
		15E822DC0E748613003322DC /* GDataCategory.m in Sources */ = {isa = PBXBuildFile; fileRef = 15E821730E748613003322DC /* GDataCategory.m */; };
		15E822DD0E748613003322DC /* GDataDeleted.m in Sources */ = {isa = PBXBuildFile; fileRef = 15E821760E748613003322DC /* GDataDeleted.m */; };
		15E822DF0E748613003322DC /* GDataWho.m in Sources */ = {isa = PBXBuildFile; fileRef = 15E821790E748613003322DC /* GDataWho.m */; };
		15E822E00E748613003322DC /* GDataWhere.m in Sources */ = {isa = PBXBuildFile; fileRef = 15E8217C0E748613003322DC /* GDataWhere.m */; };
		15E822E10E748613003322DC /* GDataWhen.m in Sources */ = {isa = PBXBuildFile; fileRef = 15E8217E0E748613003322DC /* GDataWhen.m */; };
		15E822E40E748613003322DC /* GDataGenerator.m in Sources */ = {isa = PBXBuildFile; fileRef = 15E821840E748613003322DC /* GDataGenerator.m */; };
		15E822E50E748613003322DC /* GDataTextConstruct.m in Sources */ = {isa = PBXBuildFile; fileRef = 15E821870E748613003322DC /* GDataTextConstruct.m */; };
		15E822E60E748613003322DC /* GDataValueConstruct.m in Sources */ = {isa = PBXBuildFile; fileRef = 15E821890E748613003322DC /* GDataValueConstruct.m */; };
		15E822E70E748613003322DC /* GDataExtendedProperty.m in Sources */ = {isa = PBXBuildFile; fileRef = 15E8218B0E748613003322DC /* GDataExtendedProperty.m */; };
		15E822E80E748613003322DC /* GDataEntryContent.m in Sources */ = {isa = PBXBuildFile; fileRef = 15E8218D0E748613003322DC /* GDataEntryContent.m */; };
		15E822EB0E748613003322DC /* GDataEmail.m in Sources */ = {isa = PBXBuildFile; fileRef = 15E821930E748613003322DC /* GDataEmail.m */; };
		15E822ED0E748613003322DC /* GDataIM.m in Sources */ = {isa = PBXBuildFile; fileRef = 15E821970E748613003322DC /* GDataIM.m */; };
		15E822EE0E748613003322DC /* GDataOrganization.m in Sources */ = {isa = PBXBuildFile; fileRef = 15E821990E748613003322DC /* GDataOrganization.m */; };
		15E822F10E748613003322DC /* GDataRating.m in Sources */ = {isa = PBXBuildFile; fileRef = 15E8219F0E748613003322DC /* GDataRating.m */; };
		15E822F20E748613003322DC /* GDataDateTime.m in Sources */ = {isa = PBXBuildFile; fileRef = 15E821A10E748613003322DC /* GDataDateTime.m */; };
		15E822F30E748613003322DC /* GDataBatchOperation.m in Sources */ = {isa = PBXBuildFile; fileRef = 15E821A30E748613003322DC /* GDataBatchOperation.m */; };
		15E822F40E748613003322DC /* GDataBatchID.m in Sources */ = {isa = PBXBuildFile; fileRef = 15E821A50E748613003322DC /* GDataBatchID.m */; };
		15E822F50E748613003322DC /* GDataBatchStatus.m in Sources */ = {isa = PBXBuildFile; fileRef = 15E821A70E748613003322DC /* GDataBatchStatus.m */; };
		15E822F60E748613003322DC /* GDataBatchInterrupted.m in Sources */ = {isa = PBXBuildFile; fileRef = 15E821A90E748613003322DC /* GDataBatchInterrupted.m */; };
		15E823190E748613003322DC /* GDataEntryDocBase.m in Sources */ = {isa = PBXBuildFile; fileRef = 15E821F90E748613003322DC /* GDataEntryDocBase.m */; };
		15E8231A0E748613003322DC /* GDataEntryStandardDoc.m in Sources */ = {isa = PBXBuildFile; fileRef = 15E821FB0E748613003322DC /* GDataEntryStandardDoc.m */; };
		15E8231B0E748613003322DC /* GDataEntrySpreadsheetDoc.m in Sources */ = {isa = PBXBuildFile; fileRef = 15E821FD0E748613003322DC /* GDataEntrySpreadsheetDoc.m */; };
		15E8231E0E748613003322DC /* GDataFeedDocList.m in Sources */ = {isa = PBXBuildFile; fileRef = 15E822030E748613003322DC /* GDataFeedDocList.m */; };
		15E8231F0E748613003322DC /* GDataServiceGoogleDocs.m in Sources */ = {isa = PBXBuildFile; fileRef = 15E822050E748613003322DC /* GDataServiceGoogleDocs.m */; };
		15E823200E748613003322DC /* GDataQueryDocs.m in Sources */ = {isa = PBXBuildFile; fileRef = 15E822060E748613003322DC /* GDataQueryDocs.m */; };
		15E823D50E74BA7E003322DC /* ExportViewController.m in Sources */ = {isa = PBXBuildFile; fileRef = 15E823D40E74BA7E003322DC /* ExportViewController.m */; };
		15E976AA0EAB0099000CF411 /* GDataGeoPt.m in Sources */ = {isa = PBXBuildFile; fileRef = 15E821950E748613003322DC /* GDataGeoPt.m */; };
		15E976AD0EAB00BE000CF411 /* GDataPerson.m in Sources */ = {isa = PBXBuildFile; fileRef = 15E8216C0E748613003322DC /* GDataPerson.m */; };
		1D3623260D0F684500981E51 /* AppDelegate.m in Sources */ = {isa = PBXBuildFile; fileRef = 1D3623250D0F684500981E51 /* AppDelegate.m */; };
		1D60589B0D05DD56006BFB54 /* main.m in Sources */ = {isa = PBXBuildFile; fileRef = 29B97316FDCFA39411CA2CEA /* main.m */; };
		1D60589F0D05DD5A006BFB54 /* Foundation.framework in Frameworks */ = {isa = PBXBuildFile; fileRef = 1D30AB110D05D00D00671497 /* Foundation.framework */; };
		1DF5F4E00D08C38300B7A737 /* UIKit.framework in Frameworks */ = {isa = PBXBuildFile; fileRef = 1DF5F4DF0D08C38300B7A737 /* UIKit.framework */; };
/* End PBXBuildFile section */

/* Begin PBXFileReference section */
		15051FFE0E6E47CC00E0BAE4 /* Entitlements.plist */ = {isa = PBXFileReference; fileEncoding = 4; lastKnownFileType = text.plist.xml; path = Entitlements.plist; sourceTree = "<group>"; };
		150829AB0E5008B100FB556A /* TextFieldCell.h */ = {isa = PBXFileReference; fileEncoding = 4; lastKnownFileType = sourcecode.c.h; name = TextFieldCell.h; path = TableCells/TextFieldCell.h; sourceTree = "<group>"; };
		150829AC0E5008B100FB556A /* TextFieldCell.m */ = {isa = PBXFileReference; fileEncoding = 4; lastKnownFileType = sourcecode.c.objc; name = TextFieldCell.m; path = TableCells/TextFieldCell.m; sourceTree = "<group>"; };
		150829B60E50097100FB556A /* TextViewCell.h */ = {isa = PBXFileReference; fileEncoding = 4; lastKnownFileType = sourcecode.c.h; name = TextViewCell.h; path = TableCells/TextViewCell.h; sourceTree = "<group>"; };
		150829B70E50097100FB556A /* TextViewCell.m */ = {isa = PBXFileReference; fileEncoding = 4; lastKnownFileType = sourcecode.c.objc; name = TextViewCell.m; path = TableCells/TextViewCell.m; sourceTree = "<group>"; };
		150829B90E5009B400FB556A /* DoseFieldCell.h */ = {isa = PBXFileReference; fileEncoding = 4; lastKnownFileType = sourcecode.c.h; name = DoseFieldCell.h; path = TableCells/DoseFieldCell.h; sourceTree = "<group>"; };
		150829BA0E5009B400FB556A /* DoseFieldCell.m */ = {isa = PBXFileReference; fileEncoding = 4; lastKnownFileType = sourcecode.c.objc; name = DoseFieldCell.m; path = TableCells/DoseFieldCell.m; sourceTree = "<group>"; };
		150829BB0E5009B400FB556A /* DualTableViewCell.h */ = {isa = PBXFileReference; fileEncoding = 4; lastKnownFileType = sourcecode.c.h; name = DualTableViewCell.h; path = TableCells/DualTableViewCell.h; sourceTree = "<group>"; };
		150829BC0E5009B400FB556A /* DualTableViewCell.m */ = {isa = PBXFileReference; fileEncoding = 4; lastKnownFileType = sourcecode.c.objc; name = DualTableViewCell.m; path = TableCells/DualTableViewCell.m; sourceTree = "<group>"; };
		150829C40E500A9700FB556A /* CategoryViewController.h */ = {isa = PBXFileReference; fileEncoding = 4; lastKnownFileType = sourcecode.c.h; name = CategoryViewController.h; path = ViewControllers/CategoryViewController.h; sourceTree = "<group>"; };
		150829C50E500A9700FB556A /* CategoryViewController.m */ = {isa = PBXFileReference; fileEncoding = 4; lastKnownFileType = sourcecode.c.objc; name = CategoryViewController.m; path = ViewControllers/CategoryViewController.m; sourceTree = "<group>"; };
		150829C60E500A9700FB556A /* InsulinTypeViewController.h */ = {isa = PBXFileReference; fileEncoding = 4; lastKnownFileType = sourcecode.c.h; name = InsulinTypeViewController.h; path = ViewControllers/InsulinTypeViewController.h; sourceTree = "<group>"; };
		150829C70E500A9700FB556A /* InsulinTypeViewController.m */ = {isa = PBXFileReference; fileEncoding = 4; lastKnownFileType = sourcecode.c.objc; name = InsulinTypeViewController.m; path = ViewControllers/InsulinTypeViewController.m; sourceTree = "<group>"; };
		150829C80E500A9700FB556A /* LogEntryViewController.h */ = {isa = PBXFileReference; fileEncoding = 4; lastKnownFileType = sourcecode.c.h; name = LogEntryViewController.h; path = ViewControllers/LogEntryViewController.h; sourceTree = "<group>"; };
		150829C90E500A9700FB556A /* LogEntryViewController.m */ = {isa = PBXFileReference; fileEncoding = 4; lastKnownFileType = sourcecode.c.objc; name = LogEntryViewController.m; path = ViewControllers/LogEntryViewController.m; sourceTree = "<group>"; };
		150829CD0E500B0500FB556A /* Category.h */ = {isa = PBXFileReference; fileEncoding = 4; lastKnownFileType = sourcecode.c.h; path = Category.h; sourceTree = "<group>"; };
		150829CE0E500B0500FB556A /* Category.m */ = {isa = PBXFileReference; fileEncoding = 4; lastKnownFileType = sourcecode.c.objc; path = Category.m; sourceTree = "<group>"; };
		150829CF0E500B0500FB556A /* InsulinDose.h */ = {isa = PBXFileReference; fileEncoding = 4; lastKnownFileType = sourcecode.c.h; path = InsulinDose.h; sourceTree = "<group>"; };
		150829D00E500B0500FB556A /* InsulinDose.m */ = {isa = PBXFileReference; fileEncoding = 4; lastKnownFileType = sourcecode.c.objc; path = InsulinDose.m; sourceTree = "<group>"; };
		150829D10E500B0500FB556A /* InsulinType.h */ = {isa = PBXFileReference; fileEncoding = 4; lastKnownFileType = sourcecode.c.h; path = InsulinType.h; sourceTree = "<group>"; };
		150829D20E500B0500FB556A /* InsulinType.m */ = {isa = PBXFileReference; fileEncoding = 4; lastKnownFileType = sourcecode.c.objc; path = InsulinType.m; sourceTree = "<group>"; };
		150829D30E500B0500FB556A /* LogEntry.h */ = {isa = PBXFileReference; fileEncoding = 4; lastKnownFileType = sourcecode.c.h; path = LogEntry.h; sourceTree = "<group>"; };
		150829D40E500B0500FB556A /* LogEntry.m */ = {isa = PBXFileReference; fileEncoding = 4; lastKnownFileType = sourcecode.c.objc; path = LogEntry.m; sourceTree = "<group>"; };
		150829D90E500B2400FB556A /* Constants.h */ = {isa = PBXFileReference; fileEncoding = 4; lastKnownFileType = sourcecode.c.h; path = Constants.h; sourceTree = "<group>"; };
		150829F10E500DCA00FB556A /* CoreGraphics.framework */ = {isa = PBXFileReference; lastKnownFileType = wrapper.framework; name = CoreGraphics.framework; path = System/Library/Frameworks/CoreGraphics.framework; sourceTree = SDKROOT; };
		150829FC0E500E1000FB556A /* LogViewController.h */ = {isa = PBXFileReference; fileEncoding = 4; lastKnownFileType = sourcecode.c.h; name = LogViewController.h; path = ViewControllers/LogViewController.h; sourceTree = "<group>"; };
		150829FD0E500E1000FB556A /* LogViewController.m */ = {isa = PBXFileReference; fileEncoding = 4; lastKnownFileType = sourcecode.c.objc; name = LogViewController.m; path = ViewControllers/LogViewController.m; sourceTree = "<group>"; };
		153F26A00E7F70C000F75D9F /* Security.framework */ = {isa = PBXFileReference; lastKnownFileType = wrapper.framework; name = Security.framework; path = System/Library/Frameworks/Security.framework; sourceTree = SDKROOT; };
		155A24640F2971160077FC20 /* NumberFieldCell.h */ = {isa = PBXFileReference; fileEncoding = 4; lastKnownFileType = sourcecode.c.h; name = NumberFieldCell.h; path = TableCells/NumberFieldCell.h; sourceTree = "<group>"; };
		155A24650F2971160077FC20 /* NumberFieldCell.m */ = {isa = PBXFileReference; fileEncoding = 4; lastKnownFileType = sourcecode.c.objc; name = NumberFieldCell.m; path = TableCells/NumberFieldCell.m; sourceTree = "<group>"; };
		155A26A70F2AF5810077FC20 /* NumberField.h */ = {isa = PBXFileReference; fileEncoding = 4; lastKnownFileType = sourcecode.c.h; path = NumberField.h; sourceTree = "<group>"; };
		155A26A80F2AF5810077FC20 /* NumberField.m */ = {isa = PBXFileReference; fileEncoding = 4; lastKnownFileType = sourcecode.c.objc; path = NumberField.m; sourceTree = "<group>"; };
		155BF3730EA14022005123F6 /* GDataGeo.h */ = {isa = PBXFileReference; fileEncoding = 4; lastKnownFileType = sourcecode.c.h; path = GDataGeo.h; sourceTree = "<group>"; };
		155BF3740EA14022005123F6 /* GDataGeo.m */ = {isa = PBXFileReference; fileEncoding = 4; lastKnownFileType = sourcecode.c.objc; path = GDataGeo.m; sourceTree = "<group>"; };
		155BF3770EA1403E005123F6 /* GDataMediaCategory.h */ = {isa = PBXFileReference; fileEncoding = 4; lastKnownFileType = sourcecode.c.h; path = GDataMediaCategory.h; sourceTree = "<group>"; };
		155BF3780EA1403E005123F6 /* GDataMediaCategory.m */ = {isa = PBXFileReference; fileEncoding = 4; lastKnownFileType = sourcecode.c.objc; path = GDataMediaCategory.m; sourceTree = "<group>"; };
		155BF3790EA1403E005123F6 /* GDataMediaContent.h */ = {isa = PBXFileReference; fileEncoding = 4; lastKnownFileType = sourcecode.c.h; path = GDataMediaContent.h; sourceTree = "<group>"; };
		155BF37A0EA1403E005123F6 /* GDataMediaContent.m */ = {isa = PBXFileReference; fileEncoding = 4; lastKnownFileType = sourcecode.c.objc; path = GDataMediaContent.m; sourceTree = "<group>"; };
		155BF37B0EA1403E005123F6 /* GDataMediaCredit.h */ = {isa = PBXFileReference; fileEncoding = 4; lastKnownFileType = sourcecode.c.h; path = GDataMediaCredit.h; sourceTree = "<group>"; };
		155BF37C0EA1403E005123F6 /* GDataMediaCredit.m */ = {isa = PBXFileReference; fileEncoding = 4; lastKnownFileType = sourcecode.c.objc; path = GDataMediaCredit.m; sourceTree = "<group>"; };
		155BF37D0EA1403E005123F6 /* GDataMediaGroup.h */ = {isa = PBXFileReference; fileEncoding = 4; lastKnownFileType = sourcecode.c.h; path = GDataMediaGroup.h; sourceTree = "<group>"; };
		155BF37E0EA1403E005123F6 /* GDataMediaGroup.m */ = {isa = PBXFileReference; fileEncoding = 4; lastKnownFileType = sourcecode.c.objc; path = GDataMediaGroup.m; sourceTree = "<group>"; };
		155BF37F0EA1403E005123F6 /* GDataMediaKeywords.h */ = {isa = PBXFileReference; fileEncoding = 4; lastKnownFileType = sourcecode.c.h; path = GDataMediaKeywords.h; sourceTree = "<group>"; };
		155BF3800EA1403E005123F6 /* GDataMediaKeywords.m */ = {isa = PBXFileReference; fileEncoding = 4; lastKnownFileType = sourcecode.c.objc; path = GDataMediaKeywords.m; sourceTree = "<group>"; };
		155BF3810EA1403E005123F6 /* GDataMediaPlayer.h */ = {isa = PBXFileReference; fileEncoding = 4; lastKnownFileType = sourcecode.c.h; path = GDataMediaPlayer.h; sourceTree = "<group>"; };
		155BF3820EA1403E005123F6 /* GDataMediaPlayer.m */ = {isa = PBXFileReference; fileEncoding = 4; lastKnownFileType = sourcecode.c.objc; path = GDataMediaPlayer.m; sourceTree = "<group>"; };
		155BF3830EA1403E005123F6 /* GDataMediaRating.h */ = {isa = PBXFileReference; fileEncoding = 4; lastKnownFileType = sourcecode.c.h; path = GDataMediaRating.h; sourceTree = "<group>"; };
		155BF3840EA1403E005123F6 /* GDataMediaRating.m */ = {isa = PBXFileReference; fileEncoding = 4; lastKnownFileType = sourcecode.c.objc; path = GDataMediaRating.m; sourceTree = "<group>"; };
		155BF3850EA1403E005123F6 /* GDataMediaRestriction.h */ = {isa = PBXFileReference; fileEncoding = 4; lastKnownFileType = sourcecode.c.h; path = GDataMediaRestriction.h; sourceTree = "<group>"; };
		155BF3860EA1403E005123F6 /* GDataMediaRestriction.m */ = {isa = PBXFileReference; fileEncoding = 4; lastKnownFileType = sourcecode.c.objc; path = GDataMediaRestriction.m; sourceTree = "<group>"; };
		155BF3870EA1403E005123F6 /* GDataMediaThumbnail.h */ = {isa = PBXFileReference; fileEncoding = 4; lastKnownFileType = sourcecode.c.h; path = GDataMediaThumbnail.h; sourceTree = "<group>"; };
		155BF3880EA1403E005123F6 /* GDataMediaThumbnail.m */ = {isa = PBXFileReference; fileEncoding = 4; lastKnownFileType = sourcecode.c.objc; path = GDataMediaThumbnail.m; sourceTree = "<group>"; };
		155BF3890EA1403E005123F6 /* GDataNormalPlayTime.h */ = {isa = PBXFileReference; fileEncoding = 4; lastKnownFileType = sourcecode.c.h; path = GDataNormalPlayTime.h; sourceTree = "<group>"; };
		155BF38A0EA1403E005123F6 /* GDataNormalPlayTime.m */ = {isa = PBXFileReference; fileEncoding = 4; lastKnownFileType = sourcecode.c.objc; path = GDataNormalPlayTime.m; sourceTree = "<group>"; };
		1576A8B50E6667F7004EBBC0 /* Icon.png */ = {isa = PBXFileReference; lastKnownFileType = image.png; path = Icon.png; sourceTree = "<group>"; };
		1585DEC00E6A217200FB9C39 /* glucose.sqlite */ = {isa = PBXFileReference; lastKnownFileType = file; path = glucose.sqlite; sourceTree = "<group>"; };
		1595CF550E999E1C00DA7CC6 /* PurgeViewController.h */ = {isa = PBXFileReference; fileEncoding = 4; lastKnownFileType = sourcecode.c.h; name = PurgeViewController.h; path = ViewControllers/PurgeViewController.h; sourceTree = "<group>"; };
		1595CF560E999E1C00DA7CC6 /* PurgeViewController.m */ = {isa = PBXFileReference; fileEncoding = 4; lastKnownFileType = sourcecode.c.objc; name = PurgeViewController.m; path = ViewControllers/PurgeViewController.m; sourceTree = "<group>"; };
		159B8F4C0E7243A7002C3975 /* SettingsViewController.h */ = {isa = PBXFileReference; fileEncoding = 4; lastKnownFileType = sourcecode.c.h; name = SettingsViewController.h; path = ViewControllers/SettingsViewController.h; sourceTree = "<group>"; };
		159B8F4D0E7243A7002C3975 /* SettingsViewController.m */ = {isa = PBXFileReference; fileEncoding = 4; lastKnownFileType = sourcecode.c.objc; name = SettingsViewController.m; path = ViewControllers/SettingsViewController.m; sourceTree = "<group>"; };
		159B8F4E0E7243A7002C3975 /* SlidingViewController.h */ = {isa = PBXFileReference; fileEncoding = 4; lastKnownFileType = sourcecode.c.h; name = SlidingViewController.h; path = ViewControllers/SlidingViewController.h; sourceTree = "<group>"; };
		159B8F4F0E7243A7002C3975 /* SlidingViewController.m */ = {isa = PBXFileReference; fileEncoding = 4; lastKnownFileType = sourcecode.c.objc; name = SlidingViewController.m; path = ViewControllers/SlidingViewController.m; sourceTree = "<group>"; };
		159E81960E5156A40097EA6F /* LogEntryCell.h */ = {isa = PBXFileReference; fileEncoding = 4; lastKnownFileType = sourcecode.c.h; name = LogEntryCell.h; path = TableCells/LogEntryCell.h; sourceTree = "<group>"; };
		159E81970E5156A40097EA6F /* LogEntryCell.m */ = {isa = PBXFileReference; fileEncoding = 4; lastKnownFileType = sourcecode.c.objc; name = LogEntryCell.m; path = TableCells/LogEntryCell.m; sourceTree = "<group>"; };
		159E84400E5558BD0097EA6F /* libsqlite3.0.dylib */ = {isa = PBXFileReference; lastKnownFileType = "compiled.mach-o.dylib"; name = libsqlite3.0.dylib; path = usr/lib/libsqlite3.0.dylib; sourceTree = SDKROOT; };
		15A320700EC55E6500C16388 /* LabelCell.h */ = {isa = PBXFileReference; fileEncoding = 4; lastKnownFileType = sourcecode.c.h; name = LabelCell.h; path = TableCells/LabelCell.h; sourceTree = "<group>"; };
		15A320710EC55E6500C16388 /* LabelCell.m */ = {isa = PBXFileReference; fileEncoding = 4; lastKnownFileType = sourcecode.c.objc; name = LabelCell.m; path = TableCells/LabelCell.m; sourceTree = "<group>"; };
		15A321910ED28A7E00C16388 /* AddressBook.framework */ = {isa = PBXFileReference; lastKnownFileType = wrapper.framework; name = AddressBook.framework; path = System/Library/Frameworks/AddressBook.framework; sourceTree = SDKROOT; };
		15A321930ED28A7E00C16388 /* AddressBookUI.framework */ = {isa = PBXFileReference; lastKnownFileType = wrapper.framework; name = AddressBookUI.framework; path = System/Library/Frameworks/AddressBookUI.framework; sourceTree = SDKROOT; };
		15A322460ED35C9F00C16388 /* ContactListViewController.h */ = {isa = PBXFileReference; fileEncoding = 4; lastKnownFileType = sourcecode.c.h; name = ContactListViewController.h; path = ViewControllers/ContactListViewController.h; sourceTree = "<group>"; };
		15A322470ED35C9F00C16388 /* ContactListViewController.m */ = {isa = PBXFileReference; fileEncoding = 4; lastKnownFileType = sourcecode.c.objc; name = ContactListViewController.m; path = ViewControllers/ContactListViewController.m; sourceTree = "<group>"; };
		15A322580ED3E0D000C16388 /* Contact.h */ = {isa = PBXFileReference; fileEncoding = 4; lastKnownFileType = sourcecode.c.h; path = Contact.h; sourceTree = "<group>"; };
		15A322590ED3E0D000C16388 /* Contact.m */ = {isa = PBXFileReference; fileEncoding = 4; lastKnownFileType = sourcecode.c.objc; path = Contact.m; sourceTree = "<group>"; };
		15A326FD0ED7ED1300C16388 /* GDataEntryFolderDoc.h */ = {isa = PBXFileReference; fileEncoding = 4; lastKnownFileType = sourcecode.c.h; name = GDataEntryFolderDoc.h; path = GData/Source/Clients/Docs/GDataEntryFolderDoc.h; sourceTree = SOURCE_ROOT; };
		15A326FE0ED7ED1300C16388 /* GDataEntryFolderDoc.m */ = {isa = PBXFileReference; fileEncoding = 4; lastKnownFileType = sourcecode.c.objc; name = GDataEntryFolderDoc.m; path = GData/Source/Clients/Docs/GDataEntryFolderDoc.m; sourceTree = SOURCE_ROOT; };
		15AC4E4B0F3419B800250324 /* GDataGatherInputStream.h */ = {isa = PBXFileReference; fileEncoding = 4; lastKnownFileType = sourcecode.c.h; path = GDataGatherInputStream.h; sourceTree = "<group>"; };
		15AC4E4C0F3419B800250324 /* GDataGatherInputStream.m */ = {isa = PBXFileReference; fileEncoding = 4; lastKnownFileType = sourcecode.c.objc; path = GDataGatherInputStream.m; sourceTree = "<group>"; };
		15AC4E4D0F3419B800250324 /* GDataHTTPFetcher.h */ = {isa = PBXFileReference; fileEncoding = 4; lastKnownFileType = sourcecode.c.h; path = GDataHTTPFetcher.h; sourceTree = "<group>"; };
		15AC4E4E0F3419B800250324 /* GDataHTTPFetcher.m */ = {isa = PBXFileReference; fileEncoding = 4; lastKnownFileType = sourcecode.c.objc; path = GDataHTTPFetcher.m; sourceTree = "<group>"; };
		15AC4E4F0F3419B800250324 /* GDataHTTPFetcherLogging.h */ = {isa = PBXFileReference; fileEncoding = 4; lastKnownFileType = sourcecode.c.h; path = GDataHTTPFetcherLogging.h; sourceTree = "<group>"; };
		15AC4E500F3419B800250324 /* GDataHTTPFetcherLogging.m */ = {isa = PBXFileReference; fileEncoding = 4; lastKnownFileType = sourcecode.c.objc; path = GDataHTTPFetcherLogging.m; sourceTree = "<group>"; };
		15AC4E510F3419B800250324 /* GDataMIMEDocument.h */ = {isa = PBXFileReference; fileEncoding = 4; lastKnownFileType = sourcecode.c.h; path = GDataMIMEDocument.h; sourceTree = "<group>"; };
		15AC4E520F3419B800250324 /* GDataMIMEDocument.m */ = {isa = PBXFileReference; fileEncoding = 4; lastKnownFileType = sourcecode.c.objc; path = GDataMIMEDocument.m; sourceTree = "<group>"; };
		15AC4E530F3419B800250324 /* GDataProgressMonitorInputStream.h */ = {isa = PBXFileReference; fileEncoding = 4; lastKnownFileType = sourcecode.c.h; path = GDataProgressMonitorInputStream.h; sourceTree = "<group>"; };
		15AC4E540F3419B800250324 /* GDataProgressMonitorInputStream.m */ = {isa = PBXFileReference; fileEncoding = 4; lastKnownFileType = sourcecode.c.objc; path = GDataProgressMonitorInputStream.m; sourceTree = "<group>"; };
		15AC4E550F3419B800250324 /* GDataServerError.h */ = {isa = PBXFileReference; fileEncoding = 4; lastKnownFileType = sourcecode.c.h; path = GDataServerError.h; sourceTree = "<group>"; };
		15AC4E560F3419B800250324 /* GDataServerError.m */ = {isa = PBXFileReference; fileEncoding = 4; lastKnownFileType = sourcecode.c.objc; path = GDataServerError.m; sourceTree = "<group>"; };
		15AC4E600F341A1500250324 /* GDataACL.h */ = {isa = PBXFileReference; fileEncoding = 4; lastKnownFileType = sourcecode.c.h; path = GDataACL.h; sourceTree = "<group>"; };
		15AC4E610F341A1500250324 /* GDataACLRole.h */ = {isa = PBXFileReference; fileEncoding = 4; lastKnownFileType = sourcecode.c.h; path = GDataACLRole.h; sourceTree = "<group>"; };
		15AC4E620F341A1500250324 /* GDataACLRole.m */ = {isa = PBXFileReference; fileEncoding = 4; lastKnownFileType = sourcecode.c.objc; path = GDataACLRole.m; sourceTree = "<group>"; };
		15AC4E630F341A1500250324 /* GDataACLScope.h */ = {isa = PBXFileReference; fileEncoding = 4; lastKnownFileType = sourcecode.c.h; path = GDataACLScope.h; sourceTree = "<group>"; };
		15AC4E640F341A1500250324 /* GDataACLScope.m */ = {isa = PBXFileReference; fileEncoding = 4; lastKnownFileType = sourcecode.c.objc; path = GDataACLScope.m; sourceTree = "<group>"; };
		15AC4E650F341A1500250324 /* GDataEntryACL.h */ = {isa = PBXFileReference; fileEncoding = 4; lastKnownFileType = sourcecode.c.h; path = GDataEntryACL.h; sourceTree = "<group>"; };
		15AC4E660F341A1500250324 /* GDataEntryACL.m */ = {isa = PBXFileReference; fileEncoding = 4; lastKnownFileType = sourcecode.c.objc; path = GDataEntryACL.m; sourceTree = "<group>"; };
		15AC4E670F341A1500250324 /* GDataFeedACL.h */ = {isa = PBXFileReference; fileEncoding = 4; lastKnownFileType = sourcecode.c.h; path = GDataFeedACL.h; sourceTree = "<group>"; };
		15AC4E680F341A1500250324 /* GDataFeedACL.m */ = {isa = PBXFileReference; fileEncoding = 4; lastKnownFileType = sourcecode.c.objc; path = GDataFeedACL.m; sourceTree = "<group>"; };
		15AC4E690F341A1500250324 /* GDataServiceACL.h */ = {isa = PBXFileReference; fileEncoding = 4; lastKnownFileType = sourcecode.c.h; path = GDataServiceACL.h; sourceTree = "<group>"; };
		15AC4E6A0F341A1500250324 /* GDataServiceACL.m */ = {isa = PBXFileReference; fileEncoding = 4; lastKnownFileType = sourcecode.c.objc; path = GDataServiceACL.m; sourceTree = "<group>"; };
		15AF2FE00EC1799F00FC2403 /* LogDay.h */ = {isa = PBXFileReference; fileEncoding = 4; lastKnownFileType = sourcecode.c.h; path = LogDay.h; sourceTree = "<group>"; };
		15AF2FE10EC1799F00FC2403 /* LogDay.m */ = {isa = PBXFileReference; fileEncoding = 4; lastKnownFileType = sourcecode.c.objc; path = LogDay.m; sourceTree = "<group>"; };
		15E821460E748613003322DC /* GData.h */ = {isa = PBXFileReference; fileEncoding = 4; lastKnownFileType = sourcecode.c.h; name = GData.h; path = GData/Source/GData.h; sourceTree = SOURCE_ROOT; };
		15E821470E748613003322DC /* GDataDefines.h */ = {isa = PBXFileReference; fileEncoding = 4; lastKnownFileType = sourcecode.c.h; name = GDataDefines.h; path = GData/Source/GDataDefines.h; sourceTree = SOURCE_ROOT; };
		15E821480E748613003322DC /* GDataFramework.h */ = {isa = PBXFileReference; fileEncoding = 4; lastKnownFileType = sourcecode.c.h; name = GDataFramework.h; path = GData/Source/GDataFramework.h; sourceTree = SOURCE_ROOT; };
		15E821490E748613003322DC /* GDataFramework.m */ = {isa = PBXFileReference; fileEncoding = 4; lastKnownFileType = sourcecode.c.objc; name = GDataFramework.m; path = GData/Source/GDataFramework.m; sourceTree = SOURCE_ROOT; };
		15E8214A0E748613003322DC /* GDataUtilities.h */ = {isa = PBXFileReference; fileEncoding = 4; lastKnownFileType = sourcecode.c.h; name = GDataUtilities.h; path = GData/Source/GDataUtilities.h; sourceTree = SOURCE_ROOT; };
		15E8214B0E748613003322DC /* GDataUtilities.m */ = {isa = PBXFileReference; fileEncoding = 4; lastKnownFileType = sourcecode.c.objc; name = GDataUtilities.m; path = GData/Source/GDataUtilities.m; sourceTree = SOURCE_ROOT; };
		15E8214C0E748613003322DC /* GDataXMLNode.m */ = {isa = PBXFileReference; fileEncoding = 4; lastKnownFileType = sourcecode.c.objc; name = GDataXMLNode.m; path = GData/Source/XMLSupport/GDataXMLNode.m; sourceTree = SOURCE_ROOT; };
		15E8214D0E748613003322DC /* GDataXMLNode.h */ = {isa = PBXFileReference; fileEncoding = 4; lastKnownFileType = sourcecode.c.h; name = GDataXMLNode.h; path = GData/Source/XMLSupport/GDataXMLNode.h; sourceTree = SOURCE_ROOT; };
		15E8214F0E748613003322DC /* GDataObject.h */ = {isa = PBXFileReference; fileEncoding = 4; lastKnownFileType = sourcecode.c.h; name = GDataObject.h; path = GData/Source/BaseClasses/GDataObject.h; sourceTree = SOURCE_ROOT; };
		15E821500E748613003322DC /* GDataObject.m */ = {isa = PBXFileReference; fileEncoding = 4; lastKnownFileType = sourcecode.c.objc; name = GDataObject.m; path = GData/Source/BaseClasses/GDataObject.m; sourceTree = SOURCE_ROOT; };
		15E821510E748613003322DC /* GDataEntryBase.h */ = {isa = PBXFileReference; fileEncoding = 4; lastKnownFileType = sourcecode.c.h; name = GDataEntryBase.h; path = GData/Source/BaseClasses/GDataEntryBase.h; sourceTree = SOURCE_ROOT; };
		15E821520E748613003322DC /* GDataEntryBase.m */ = {isa = PBXFileReference; fileEncoding = 4; lastKnownFileType = sourcecode.c.objc; name = GDataEntryBase.m; path = GData/Source/BaseClasses/GDataEntryBase.m; sourceTree = SOURCE_ROOT; };
		15E821550E748613003322DC /* GDataFeedBase.h */ = {isa = PBXFileReference; fileEncoding = 4; lastKnownFileType = sourcecode.c.h; name = GDataFeedBase.h; path = GData/Source/BaseClasses/GDataFeedBase.h; sourceTree = SOURCE_ROOT; };
		15E821560E748613003322DC /* GDataFeedBase.m */ = {isa = PBXFileReference; fileEncoding = 4; lastKnownFileType = sourcecode.c.objc; name = GDataFeedBase.m; path = GData/Source/BaseClasses/GDataFeedBase.m; sourceTree = SOURCE_ROOT; };
		15E8215D0E748613003322DC /* GDataQuery.h */ = {isa = PBXFileReference; fileEncoding = 4; lastKnownFileType = sourcecode.c.h; name = GDataQuery.h; path = GData/Source/BaseClasses/GDataQuery.h; sourceTree = SOURCE_ROOT; };
		15E8215E0E748613003322DC /* GDataQuery.m */ = {isa = PBXFileReference; fileEncoding = 4; lastKnownFileType = sourcecode.c.objc; name = GDataQuery.m; path = GData/Source/BaseClasses/GDataQuery.m; sourceTree = SOURCE_ROOT; };
		15E8215F0E748613003322DC /* GDataServiceBase.h */ = {isa = PBXFileReference; fileEncoding = 4; lastKnownFileType = sourcecode.c.h; name = GDataServiceBase.h; path = GData/Source/BaseClasses/GDataServiceBase.h; sourceTree = SOURCE_ROOT; };
		15E821600E748613003322DC /* GDataServiceBase.m */ = {isa = PBXFileReference; fileEncoding = 4; lastKnownFileType = sourcecode.c.objc; name = GDataServiceBase.m; path = GData/Source/BaseClasses/GDataServiceBase.m; sourceTree = SOURCE_ROOT; };
		15E821610E748613003322DC /* GDataServiceGoogle.h */ = {isa = PBXFileReference; fileEncoding = 4; lastKnownFileType = sourcecode.c.h; name = GDataServiceGoogle.h; path = GData/Source/BaseClasses/GDataServiceGoogle.h; sourceTree = SOURCE_ROOT; };
		15E821620E748613003322DC /* GDataServiceGoogle.m */ = {isa = PBXFileReference; fileEncoding = 4; lastKnownFileType = sourcecode.c.objc; name = GDataServiceGoogle.m; path = GData/Source/BaseClasses/GDataServiceGoogle.m; sourceTree = SOURCE_ROOT; };
		15E821640E748613003322DC /* GDataElements.h */ = {isa = PBXFileReference; fileEncoding = 4; lastKnownFileType = sourcecode.c.h; name = GDataElements.h; path = GData/Source/Elements/GDataElements.h; sourceTree = SOURCE_ROOT; };
		15E821650E748613003322DC /* GDataBaseElements.m */ = {isa = PBXFileReference; fileEncoding = 4; lastKnownFileType = sourcecode.c.objc; name = GDataBaseElements.m; path = GData/Source/Elements/GDataBaseElements.m; sourceTree = SOURCE_ROOT; };
		15E821660E748613003322DC /* GDataBaseElements.h */ = {isa = PBXFileReference; fileEncoding = 4; lastKnownFileType = sourcecode.c.h; name = GDataBaseElements.h; path = GData/Source/Elements/GDataBaseElements.h; sourceTree = SOURCE_ROOT; };
		15E821670E748613003322DC /* GDataAtomPubControl.h */ = {isa = PBXFileReference; fileEncoding = 4; lastKnownFileType = sourcecode.c.h; name = GDataAtomPubControl.h; path = GData/Source/Elements/GDataAtomPubControl.h; sourceTree = SOURCE_ROOT; };
		15E821680E748613003322DC /* GDataAtomPubControl.m */ = {isa = PBXFileReference; fileEncoding = 4; lastKnownFileType = sourcecode.c.objc; name = GDataAtomPubControl.m; path = GData/Source/Elements/GDataAtomPubControl.m; sourceTree = SOURCE_ROOT; };
		15E821690E748613003322DC /* GDataLink.h */ = {isa = PBXFileReference; fileEncoding = 4; lastKnownFileType = sourcecode.c.h; name = GDataLink.h; path = GData/Source/Elements/GDataLink.h; sourceTree = SOURCE_ROOT; };
		15E8216A0E748613003322DC /* GDataLink.m */ = {isa = PBXFileReference; fileEncoding = 4; lastKnownFileType = sourcecode.c.objc; name = GDataLink.m; path = GData/Source/Elements/GDataLink.m; sourceTree = SOURCE_ROOT; };
		15E8216B0E748613003322DC /* GDataPerson.h */ = {isa = PBXFileReference; fileEncoding = 4; lastKnownFileType = sourcecode.c.h; name = GDataPerson.h; path = GData/Source/Elements/GDataPerson.h; sourceTree = SOURCE_ROOT; };
		15E8216C0E748613003322DC /* GDataPerson.m */ = {isa = PBXFileReference; fileEncoding = 4; lastKnownFileType = sourcecode.c.objc; name = GDataPerson.m; path = GData/Source/Elements/GDataPerson.m; sourceTree = SOURCE_ROOT; };
		15E8216D0E748613003322DC /* GDataComment.h */ = {isa = PBXFileReference; fileEncoding = 4; lastKnownFileType = sourcecode.c.h; name = GDataComment.h; path = GData/Source/Elements/GDataComment.h; sourceTree = SOURCE_ROOT; };
		15E8216E0E748613003322DC /* GDataComment.m */ = {isa = PBXFileReference; fileEncoding = 4; lastKnownFileType = sourcecode.c.objc; name = GDataComment.m; path = GData/Source/Elements/GDataComment.m; sourceTree = SOURCE_ROOT; };
		15E8216F0E748613003322DC /* GDataEntryLink.h */ = {isa = PBXFileReference; fileEncoding = 4; lastKnownFileType = sourcecode.c.h; name = GDataEntryLink.h; path = GData/Source/Elements/GDataEntryLink.h; sourceTree = SOURCE_ROOT; };
		15E821700E748613003322DC /* GDataEntryLink.m */ = {isa = PBXFileReference; fileEncoding = 4; lastKnownFileType = sourcecode.c.objc; name = GDataEntryLink.m; path = GData/Source/Elements/GDataEntryLink.m; sourceTree = SOURCE_ROOT; };
		15E821710E748613003322DC /* GDataFeedLink.h */ = {isa = PBXFileReference; fileEncoding = 4; lastKnownFileType = sourcecode.c.h; name = GDataFeedLink.h; path = GData/Source/Elements/GDataFeedLink.h; sourceTree = SOURCE_ROOT; };
		15E821720E748613003322DC /* GDataFeedLink.m */ = {isa = PBXFileReference; fileEncoding = 4; lastKnownFileType = sourcecode.c.objc; name = GDataFeedLink.m; path = GData/Source/Elements/GDataFeedLink.m; sourceTree = SOURCE_ROOT; };
		15E821730E748613003322DC /* GDataCategory.m */ = {isa = PBXFileReference; fileEncoding = 4; lastKnownFileType = sourcecode.c.objc; name = GDataCategory.m; path = GData/Source/Elements/GDataCategory.m; sourceTree = SOURCE_ROOT; };
		15E821740E748613003322DC /* GDataCategory.h */ = {isa = PBXFileReference; fileEncoding = 4; lastKnownFileType = sourcecode.c.h; name = GDataCategory.h; path = GData/Source/Elements/GDataCategory.h; sourceTree = SOURCE_ROOT; };
		15E821750E748613003322DC /* GDataDeleted.h */ = {isa = PBXFileReference; fileEncoding = 4; lastKnownFileType = sourcecode.c.h; name = GDataDeleted.h; path = GData/Source/Elements/GDataDeleted.h; sourceTree = SOURCE_ROOT; };
		15E821760E748613003322DC /* GDataDeleted.m */ = {isa = PBXFileReference; fileEncoding = 4; lastKnownFileType = sourcecode.c.objc; name = GDataDeleted.m; path = GData/Source/Elements/GDataDeleted.m; sourceTree = SOURCE_ROOT; };
		15E821770E748613003322DC /* GDataMoney.m */ = {isa = PBXFileReference; fileEncoding = 4; lastKnownFileType = sourcecode.c.objc; name = GDataMoney.m; path = GData/Source/Elements/GDataMoney.m; sourceTree = SOURCE_ROOT; };
		15E821780E748613003322DC /* GDataMoney.h */ = {isa = PBXFileReference; fileEncoding = 4; lastKnownFileType = sourcecode.c.h; name = GDataMoney.h; path = GData/Source/Elements/GDataMoney.h; sourceTree = SOURCE_ROOT; };
		15E821790E748613003322DC /* GDataWho.m */ = {isa = PBXFileReference; fileEncoding = 4; lastKnownFileType = sourcecode.c.objc; name = GDataWho.m; path = GData/Source/Elements/GDataWho.m; sourceTree = SOURCE_ROOT; };
		15E8217A0E748613003322DC /* GDataWho.h */ = {isa = PBXFileReference; fileEncoding = 4; lastKnownFileType = sourcecode.c.h; name = GDataWho.h; path = GData/Source/Elements/GDataWho.h; sourceTree = SOURCE_ROOT; };
		15E8217B0E748613003322DC /* GDataWhere.h */ = {isa = PBXFileReference; fileEncoding = 4; lastKnownFileType = sourcecode.c.h; name = GDataWhere.h; path = GData/Source/Elements/GDataWhere.h; sourceTree = SOURCE_ROOT; };
		15E8217C0E748613003322DC /* GDataWhere.m */ = {isa = PBXFileReference; fileEncoding = 4; lastKnownFileType = sourcecode.c.objc; name = GDataWhere.m; path = GData/Source/Elements/GDataWhere.m; sourceTree = SOURCE_ROOT; };
		15E8217D0E748613003322DC /* GDataWhen.h */ = {isa = PBXFileReference; fileEncoding = 4; lastKnownFileType = sourcecode.c.h; name = GDataWhen.h; path = GData/Source/Elements/GDataWhen.h; sourceTree = SOURCE_ROOT; };
		15E8217E0E748613003322DC /* GDataWhen.m */ = {isa = PBXFileReference; fileEncoding = 4; lastKnownFileType = sourcecode.c.objc; name = GDataWhen.m; path = GData/Source/Elements/GDataWhen.m; sourceTree = SOURCE_ROOT; };
		15E8217F0E748613003322DC /* GDataWhere.h */ = {isa = PBXFileReference; fileEncoding = 4; lastKnownFileType = sourcecode.c.h; name = GDataWhere.h; path = GData/Source/Elements/GDataWhere.h; sourceTree = SOURCE_ROOT; };
		15E821840E748613003322DC /* GDataGenerator.m */ = {isa = PBXFileReference; fileEncoding = 4; lastKnownFileType = sourcecode.c.objc; name = GDataGenerator.m; path = GData/Source/Elements/GDataGenerator.m; sourceTree = SOURCE_ROOT; };
		15E821850E748613003322DC /* GDataGenerator.h */ = {isa = PBXFileReference; fileEncoding = 4; lastKnownFileType = sourcecode.c.h; name = GDataGenerator.h; path = GData/Source/Elements/GDataGenerator.h; sourceTree = SOURCE_ROOT; };
		15E821860E748613003322DC /* GDataTextConstruct.h */ = {isa = PBXFileReference; fileEncoding = 4; lastKnownFileType = sourcecode.c.h; name = GDataTextConstruct.h; path = GData/Source/Elements/GDataTextConstruct.h; sourceTree = SOURCE_ROOT; };
		15E821870E748613003322DC /* GDataTextConstruct.m */ = {isa = PBXFileReference; fileEncoding = 4; lastKnownFileType = sourcecode.c.objc; name = GDataTextConstruct.m; path = GData/Source/Elements/GDataTextConstruct.m; sourceTree = SOURCE_ROOT; };
		15E821880E748613003322DC /* GDataValueConstruct.h */ = {isa = PBXFileReference; fileEncoding = 4; lastKnownFileType = sourcecode.c.h; name = GDataValueConstruct.h; path = GData/Source/Elements/GDataValueConstruct.h; sourceTree = SOURCE_ROOT; };
		15E821890E748613003322DC /* GDataValueConstruct.m */ = {isa = PBXFileReference; fileEncoding = 4; lastKnownFileType = sourcecode.c.objc; name = GDataValueConstruct.m; path = GData/Source/Elements/GDataValueConstruct.m; sourceTree = SOURCE_ROOT; };
		15E8218A0E748613003322DC /* GDataExtendedProperty.h */ = {isa = PBXFileReference; fileEncoding = 4; lastKnownFileType = sourcecode.c.h; name = GDataExtendedProperty.h; path = GData/Source/Elements/GDataExtendedProperty.h; sourceTree = SOURCE_ROOT; };
		15E8218B0E748613003322DC /* GDataExtendedProperty.m */ = {isa = PBXFileReference; fileEncoding = 4; lastKnownFileType = sourcecode.c.objc; name = GDataExtendedProperty.m; path = GData/Source/Elements/GDataExtendedProperty.m; sourceTree = SOURCE_ROOT; };
		15E8218C0E748613003322DC /* GDataEntryContent.h */ = {isa = PBXFileReference; fileEncoding = 4; lastKnownFileType = sourcecode.c.h; name = GDataEntryContent.h; path = GData/Source/Elements/GDataEntryContent.h; sourceTree = SOURCE_ROOT; };
		15E8218D0E748613003322DC /* GDataEntryContent.m */ = {isa = PBXFileReference; fileEncoding = 4; lastKnownFileType = sourcecode.c.objc; name = GDataEntryContent.m; path = GData/Source/Elements/GDataEntryContent.m; sourceTree = SOURCE_ROOT; };
		15E821920E748613003322DC /* GDataEmail.h */ = {isa = PBXFileReference; fileEncoding = 4; lastKnownFileType = sourcecode.c.h; name = GDataEmail.h; path = GData/Source/Elements/GDataEmail.h; sourceTree = SOURCE_ROOT; };
		15E821930E748613003322DC /* GDataEmail.m */ = {isa = PBXFileReference; fileEncoding = 4; lastKnownFileType = sourcecode.c.objc; name = GDataEmail.m; path = GData/Source/Elements/GDataEmail.m; sourceTree = SOURCE_ROOT; };
		15E821940E748613003322DC /* GDataGeoPt.h */ = {isa = PBXFileReference; fileEncoding = 4; lastKnownFileType = sourcecode.c.h; name = GDataGeoPt.h; path = GData/Source/Elements/GDataGeoPt.h; sourceTree = SOURCE_ROOT; };
		15E821950E748613003322DC /* GDataGeoPt.m */ = {isa = PBXFileReference; fileEncoding = 4; lastKnownFileType = sourcecode.c.objc; name = GDataGeoPt.m; path = GData/Source/Elements/GDataGeoPt.m; sourceTree = SOURCE_ROOT; };
		15E821960E748613003322DC /* GDataIM.h */ = {isa = PBXFileReference; fileEncoding = 4; lastKnownFileType = sourcecode.c.h; name = GDataIM.h; path = GData/Source/Elements/GDataIM.h; sourceTree = SOURCE_ROOT; };
		15E821970E748613003322DC /* GDataIM.m */ = {isa = PBXFileReference; fileEncoding = 4; lastKnownFileType = sourcecode.c.objc; name = GDataIM.m; path = GData/Source/Elements/GDataIM.m; sourceTree = SOURCE_ROOT; };
		15E821980E748613003322DC /* GDataOrganization.h */ = {isa = PBXFileReference; fileEncoding = 4; lastKnownFileType = sourcecode.c.h; name = GDataOrganization.h; path = GData/Source/Elements/GDataOrganization.h; sourceTree = SOURCE_ROOT; };
		15E821990E748613003322DC /* GDataOrganization.m */ = {isa = PBXFileReference; fileEncoding = 4; lastKnownFileType = sourcecode.c.objc; name = GDataOrganization.m; path = GData/Source/Elements/GDataOrganization.m; sourceTree = SOURCE_ROOT; };
		15E8219A0E748613003322DC /* GDataPhoneNumber.h */ = {isa = PBXFileReference; fileEncoding = 4; lastKnownFileType = sourcecode.c.h; name = GDataPhoneNumber.h; path = GData/Source/Elements/GDataPhoneNumber.h; sourceTree = SOURCE_ROOT; };
		15E8219B0E748613003322DC /* GDataPhoneNumber.m */ = {isa = PBXFileReference; fileEncoding = 4; lastKnownFileType = sourcecode.c.objc; name = GDataPhoneNumber.m; path = GData/Source/Elements/GDataPhoneNumber.m; sourceTree = SOURCE_ROOT; };
		15E8219C0E748613003322DC /* GDataPostalAddress.h */ = {isa = PBXFileReference; fileEncoding = 4; lastKnownFileType = sourcecode.c.h; name = GDataPostalAddress.h; path = GData/Source/Elements/GDataPostalAddress.h; sourceTree = SOURCE_ROOT; };
		15E8219D0E748613003322DC /* GDataPostalAddress.m */ = {isa = PBXFileReference; fileEncoding = 4; lastKnownFileType = sourcecode.c.objc; name = GDataPostalAddress.m; path = GData/Source/Elements/GDataPostalAddress.m; sourceTree = SOURCE_ROOT; };
		15E8219E0E748613003322DC /* GDataRating.h */ = {isa = PBXFileReference; fileEncoding = 4; lastKnownFileType = sourcecode.c.h; name = GDataRating.h; path = GData/Source/Elements/GDataRating.h; sourceTree = SOURCE_ROOT; };
		15E8219F0E748613003322DC /* GDataRating.m */ = {isa = PBXFileReference; fileEncoding = 4; lastKnownFileType = sourcecode.c.objc; name = GDataRating.m; path = GData/Source/Elements/GDataRating.m; sourceTree = SOURCE_ROOT; };
		15E821A00E748613003322DC /* GDataDateTime.h */ = {isa = PBXFileReference; fileEncoding = 4; lastKnownFileType = sourcecode.c.h; name = GDataDateTime.h; path = GData/Source/Elements/GDataDateTime.h; sourceTree = SOURCE_ROOT; };
		15E821A10E748613003322DC /* GDataDateTime.m */ = {isa = PBXFileReference; fileEncoding = 4; lastKnownFileType = sourcecode.c.objc; name = GDataDateTime.m; path = GData/Source/Elements/GDataDateTime.m; sourceTree = SOURCE_ROOT; };
		15E821A20E748613003322DC /* GDataBatchOperation.h */ = {isa = PBXFileReference; fileEncoding = 4; lastKnownFileType = sourcecode.c.h; name = GDataBatchOperation.h; path = GData/Source/Elements/GDataBatchOperation.h; sourceTree = SOURCE_ROOT; };
		15E821A30E748613003322DC /* GDataBatchOperation.m */ = {isa = PBXFileReference; fileEncoding = 4; lastKnownFileType = sourcecode.c.objc; name = GDataBatchOperation.m; path = GData/Source/Elements/GDataBatchOperation.m; sourceTree = SOURCE_ROOT; };
		15E821A40E748613003322DC /* GDataBatchID.h */ = {isa = PBXFileReference; fileEncoding = 4; lastKnownFileType = sourcecode.c.h; name = GDataBatchID.h; path = GData/Source/Elements/GDataBatchID.h; sourceTree = SOURCE_ROOT; };
		15E821A50E748613003322DC /* GDataBatchID.m */ = {isa = PBXFileReference; fileEncoding = 4; lastKnownFileType = sourcecode.c.objc; name = GDataBatchID.m; path = GData/Source/Elements/GDataBatchID.m; sourceTree = SOURCE_ROOT; };
		15E821A60E748613003322DC /* GDataBatchStatus.h */ = {isa = PBXFileReference; fileEncoding = 4; lastKnownFileType = sourcecode.c.h; name = GDataBatchStatus.h; path = GData/Source/Elements/GDataBatchStatus.h; sourceTree = SOURCE_ROOT; };
		15E821A70E748613003322DC /* GDataBatchStatus.m */ = {isa = PBXFileReference; fileEncoding = 4; lastKnownFileType = sourcecode.c.objc; name = GDataBatchStatus.m; path = GData/Source/Elements/GDataBatchStatus.m; sourceTree = SOURCE_ROOT; };
		15E821A80E748613003322DC /* GDataBatchInterrupted.h */ = {isa = PBXFileReference; fileEncoding = 4; lastKnownFileType = sourcecode.c.h; name = GDataBatchInterrupted.h; path = GData/Source/Elements/GDataBatchInterrupted.h; sourceTree = SOURCE_ROOT; };
		15E821A90E748613003322DC /* GDataBatchInterrupted.m */ = {isa = PBXFileReference; fileEncoding = 4; lastKnownFileType = sourcecode.c.objc; name = GDataBatchInterrupted.m; path = GData/Source/Elements/GDataBatchInterrupted.m; sourceTree = SOURCE_ROOT; };
		15E821F70E748613003322DC /* GDataDocs.h */ = {isa = PBXFileReference; fileEncoding = 4; lastKnownFileType = sourcecode.c.h; name = GDataDocs.h; path = GData/Source/Clients/Docs/GDataDocs.h; sourceTree = SOURCE_ROOT; };
		15E821F80E748613003322DC /* GDataEntryDocBase.h */ = {isa = PBXFileReference; fileEncoding = 4; lastKnownFileType = sourcecode.c.h; name = GDataEntryDocBase.h; path = GData/Source/Clients/Docs/GDataEntryDocBase.h; sourceTree = SOURCE_ROOT; };
		15E821F90E748613003322DC /* GDataEntryDocBase.m */ = {isa = PBXFileReference; fileEncoding = 4; lastKnownFileType = sourcecode.c.objc; name = GDataEntryDocBase.m; path = GData/Source/Clients/Docs/GDataEntryDocBase.m; sourceTree = SOURCE_ROOT; };
		15E821FA0E748613003322DC /* GDataEntryStandardDoc.h */ = {isa = PBXFileReference; fileEncoding = 4; lastKnownFileType = sourcecode.c.h; name = GDataEntryStandardDoc.h; path = GData/Source/Clients/Docs/GDataEntryStandardDoc.h; sourceTree = SOURCE_ROOT; };
		15E821FB0E748613003322DC /* GDataEntryStandardDoc.m */ = {isa = PBXFileReference; fileEncoding = 4; lastKnownFileType = sourcecode.c.objc; name = GDataEntryStandardDoc.m; path = GData/Source/Clients/Docs/GDataEntryStandardDoc.m; sourceTree = SOURCE_ROOT; };
		15E821FC0E748613003322DC /* GDataEntrySpreadsheetDoc.h */ = {isa = PBXFileReference; fileEncoding = 4; lastKnownFileType = sourcecode.c.h; name = GDataEntrySpreadsheetDoc.h; path = GData/Source/Clients/Docs/GDataEntrySpreadsheetDoc.h; sourceTree = SOURCE_ROOT; };
		15E821FD0E748613003322DC /* GDataEntrySpreadsheetDoc.m */ = {isa = PBXFileReference; fileEncoding = 4; lastKnownFileType = sourcecode.c.objc; name = GDataEntrySpreadsheetDoc.m; path = GData/Source/Clients/Docs/GDataEntrySpreadsheetDoc.m; sourceTree = SOURCE_ROOT; };
		15E821FE0E748613003322DC /* GDataEntryPresentationDoc.h */ = {isa = PBXFileReference; fileEncoding = 4; lastKnownFileType = sourcecode.c.h; name = GDataEntryPresentationDoc.h; path = GData/Source/Clients/Docs/GDataEntryPresentationDoc.h; sourceTree = SOURCE_ROOT; };
		15E821FF0E748613003322DC /* GDataEntryPresentationDoc.m */ = {isa = PBXFileReference; fileEncoding = 4; lastKnownFileType = sourcecode.c.objc; name = GDataEntryPresentationDoc.m; path = GData/Source/Clients/Docs/GDataEntryPresentationDoc.m; sourceTree = SOURCE_ROOT; };
		15E822000E748613003322DC /* GDataEntryPDFDoc.h */ = {isa = PBXFileReference; fileEncoding = 4; lastKnownFileType = sourcecode.c.h; name = GDataEntryPDFDoc.h; path = GData/Source/Clients/Docs/GDataEntryPDFDoc.h; sourceTree = SOURCE_ROOT; };
		15E822010E748613003322DC /* GDataEntryPDFDoc.m */ = {isa = PBXFileReference; fileEncoding = 4; lastKnownFileType = sourcecode.c.objc; name = GDataEntryPDFDoc.m; path = GData/Source/Clients/Docs/GDataEntryPDFDoc.m; sourceTree = SOURCE_ROOT; };
		15E822020E748613003322DC /* GDataFeedDocList.h */ = {isa = PBXFileReference; fileEncoding = 4; lastKnownFileType = sourcecode.c.h; name = GDataFeedDocList.h; path = GData/Source/Clients/Docs/GDataFeedDocList.h; sourceTree = SOURCE_ROOT; };
		15E822030E748613003322DC /* GDataFeedDocList.m */ = {isa = PBXFileReference; fileEncoding = 4; lastKnownFileType = sourcecode.c.objc; name = GDataFeedDocList.m; path = GData/Source/Clients/Docs/GDataFeedDocList.m; sourceTree = SOURCE_ROOT; };
		15E822040E748613003322DC /* GDataServiceGoogleDocs.h */ = {isa = PBXFileReference; fileEncoding = 4; lastKnownFileType = sourcecode.c.h; name = GDataServiceGoogleDocs.h; path = GData/Source/Clients/Docs/GDataServiceGoogleDocs.h; sourceTree = SOURCE_ROOT; };
		15E822050E748613003322DC /* GDataServiceGoogleDocs.m */ = {isa = PBXFileReference; fileEncoding = 4; lastKnownFileType = sourcecode.c.objc; name = GDataServiceGoogleDocs.m; path = GData/Source/Clients/Docs/GDataServiceGoogleDocs.m; sourceTree = SOURCE_ROOT; };
		15E822060E748613003322DC /* GDataQueryDocs.m */ = {isa = PBXFileReference; fileEncoding = 4; lastKnownFileType = sourcecode.c.objc; name = GDataQueryDocs.m; path = GData/Source/Clients/Docs/GDataQueryDocs.m; sourceTree = SOURCE_ROOT; };
		15E822070E748613003322DC /* GDataQueryDocs.h */ = {isa = PBXFileReference; fileEncoding = 4; lastKnownFileType = sourcecode.c.h; name = GDataQueryDocs.h; path = GData/Source/Clients/Docs/GDataQueryDocs.h; sourceTree = SOURCE_ROOT; };
		15E823D30E74BA7E003322DC /* ExportViewController.h */ = {isa = PBXFileReference; fileEncoding = 4; lastKnownFileType = sourcecode.c.h; name = ExportViewController.h; path = ViewControllers/ExportViewController.h; sourceTree = "<group>"; };
		15E823D40E74BA7E003322DC /* ExportViewController.m */ = {isa = PBXFileReference; fileEncoding = 4; lastKnownFileType = sourcecode.c.objc; name = ExportViewController.m; path = ViewControllers/ExportViewController.m; sourceTree = "<group>"; };
		1D30AB110D05D00D00671497 /* Foundation.framework */ = {isa = PBXFileReference; lastKnownFileType = wrapper.framework; name = Foundation.framework; path = System/Library/Frameworks/Foundation.framework; sourceTree = SDKROOT; };
		1D3623240D0F684500981E51 /* AppDelegate.h */ = {isa = PBXFileReference; fileEncoding = 4; lastKnownFileType = sourcecode.c.h; path = AppDelegate.h; sourceTree = "<group>"; };
		1D3623250D0F684500981E51 /* AppDelegate.m */ = {isa = PBXFileReference; fileEncoding = 4; lastKnownFileType = sourcecode.c.objc; path = AppDelegate.m; sourceTree = "<group>"; };
		1D6058910D05DD3D006BFB54 /* Glucose.app */ = {isa = PBXFileReference; explicitFileType = wrapper.application; includeInIndex = 0; path = Glucose.app; sourceTree = BUILT_PRODUCTS_DIR; };
		1DF5F4DF0D08C38300B7A737 /* UIKit.framework */ = {isa = PBXFileReference; lastKnownFileType = wrapper.framework; name = UIKit.framework; path = System/Library/Frameworks/UIKit.framework; sourceTree = SDKROOT; };
		29B97316FDCFA39411CA2CEA /* main.m */ = {isa = PBXFileReference; fileEncoding = 4; lastKnownFileType = sourcecode.c.objc; path = main.m; sourceTree = "<group>"; };
		32CA4F630368D1EE00C91783 /* Glucose_Prefix.pch */ = {isa = PBXFileReference; fileEncoding = 4; lastKnownFileType = sourcecode.c.h; path = Glucose_Prefix.pch; sourceTree = "<group>"; };
		8D1107310486CEB800E47090 /* Info.plist */ = {isa = PBXFileReference; fileEncoding = 4; lastKnownFileType = text.plist.xml; path = Info.plist; sourceTree = "<group>"; };
/* End PBXFileReference section */

/* Begin PBXFrameworksBuildPhase section */
		1D60588F0D05DD3D006BFB54 /* Frameworks */ = {
			isa = PBXFrameworksBuildPhase;
			buildActionMask = 2147483647;
			files = (
				1D60589F0D05DD5A006BFB54 /* Foundation.framework in Frameworks */,
				1DF5F4E00D08C38300B7A737 /* UIKit.framework in Frameworks */,
				150829F20E500DCA00FB556A /* CoreGraphics.framework in Frameworks */,
				159E84410E5558BD0097EA6F /* libsqlite3.0.dylib in Frameworks */,
				153F26A10E7F70C000F75D9F /* Security.framework in Frameworks */,
				15A321920ED28A7E00C16388 /* AddressBook.framework in Frameworks */,
				15A321940ED28A7E00C16388 /* AddressBookUI.framework in Frameworks */,
			);
			runOnlyForDeploymentPostprocessing = 0;
		};
/* End PBXFrameworksBuildPhase section */

/* Begin PBXGroup section */
		080E96DDFE201D6D7F000001 /* Classes */ = {
			isa = PBXGroup;
			children = (
				1D3623240D0F684500981E51 /* AppDelegate.h */,
				1D3623250D0F684500981E51 /* AppDelegate.m */,
				150829CD0E500B0500FB556A /* Category.h */,
				150829CE0E500B0500FB556A /* Category.m */,
				15A322580ED3E0D000C16388 /* Contact.h */,
				15A322590ED3E0D000C16388 /* Contact.m */,
				150829CF0E500B0500FB556A /* InsulinDose.h */,
				150829D00E500B0500FB556A /* InsulinDose.m */,
				150829D10E500B0500FB556A /* InsulinType.h */,
				150829D20E500B0500FB556A /* InsulinType.m */,
				150829D30E500B0500FB556A /* LogEntry.h */,
				150829D40E500B0500FB556A /* LogEntry.m */,
				15AF2FE00EC1799F00FC2403 /* LogDay.h */,
				15AF2FE10EC1799F00FC2403 /* LogDay.m */,
				155A26A70F2AF5810077FC20 /* NumberField.h */,
				155A26A80F2AF5810077FC20 /* NumberField.m */,
			);
			path = Classes;
			sourceTree = "<group>";
		};
		150829A70E50087B00FB556A /* TableCells */ = {
			isa = PBXGroup;
			children = (
				150829B90E5009B400FB556A /* DoseFieldCell.h */,
				150829BA0E5009B400FB556A /* DoseFieldCell.m */,
				150829BB0E5009B400FB556A /* DualTableViewCell.h */,
				150829BC0E5009B400FB556A /* DualTableViewCell.m */,
				150829B60E50097100FB556A /* TextViewCell.h */,
				150829B70E50097100FB556A /* TextViewCell.m */,
				150829AB0E5008B100FB556A /* TextFieldCell.h */,
				150829AC0E5008B100FB556A /* TextFieldCell.m */,
				159E81960E5156A40097EA6F /* LogEntryCell.h */,
				159E81970E5156A40097EA6F /* LogEntryCell.m */,
				15A320700EC55E6500C16388 /* LabelCell.h */,
				15A320710EC55E6500C16388 /* LabelCell.m */,
				155A24640F2971160077FC20 /* NumberFieldCell.h */,
				155A24650F2971160077FC20 /* NumberFieldCell.m */,
			);
			name = TableCells;
			sourceTree = "<group>";
		};
		150829BF0E500A1C00FB556A /* ViewControllers */ = {
			isa = PBXGroup;
			children = (
				150829C40E500A9700FB556A /* CategoryViewController.h */,
				150829C50E500A9700FB556A /* CategoryViewController.m */,
				15E823D30E74BA7E003322DC /* ExportViewController.h */,
				15E823D40E74BA7E003322DC /* ExportViewController.m */,
				150829C60E500A9700FB556A /* InsulinTypeViewController.h */,
				150829C70E500A9700FB556A /* InsulinTypeViewController.m */,
				150829C80E500A9700FB556A /* LogEntryViewController.h */,
				150829C90E500A9700FB556A /* LogEntryViewController.m */,
				150829FC0E500E1000FB556A /* LogViewController.h */,
				150829FD0E500E1000FB556A /* LogViewController.m */,
				1595CF550E999E1C00DA7CC6 /* PurgeViewController.h */,
				1595CF560E999E1C00DA7CC6 /* PurgeViewController.m */,
				159B8F4C0E7243A7002C3975 /* SettingsViewController.h */,
				159B8F4D0E7243A7002C3975 /* SettingsViewController.m */,
				159B8F4E0E7243A7002C3975 /* SlidingViewController.h */,
				159B8F4F0E7243A7002C3975 /* SlidingViewController.m */,
				15A322460ED35C9F00C16388 /* ContactListViewController.h */,
				15A322470ED35C9F00C16388 /* ContactListViewController.m */,
			);
			name = ViewControllers;
			sourceTree = "<group>";
		};
		155BF3720EA14022005123F6 /* Geo */ = {
			isa = PBXGroup;
			children = (
				155BF3730EA14022005123F6 /* GDataGeo.h */,
				155BF3740EA14022005123F6 /* GDataGeo.m */,
			);
			name = Geo;
			path = GData/Source/Geo;
			sourceTree = SOURCE_ROOT;
		};
		155BF3760EA1403E005123F6 /* Media */ = {
			isa = PBXGroup;
			children = (
				155BF3770EA1403E005123F6 /* GDataMediaCategory.h */,
				155BF3780EA1403E005123F6 /* GDataMediaCategory.m */,
				155BF3790EA1403E005123F6 /* GDataMediaContent.h */,
				155BF37A0EA1403E005123F6 /* GDataMediaContent.m */,
				155BF37B0EA1403E005123F6 /* GDataMediaCredit.h */,
				155BF37C0EA1403E005123F6 /* GDataMediaCredit.m */,
				155BF37D0EA1403E005123F6 /* GDataMediaGroup.h */,
				155BF37E0EA1403E005123F6 /* GDataMediaGroup.m */,
				155BF37F0EA1403E005123F6 /* GDataMediaKeywords.h */,
				155BF3800EA1403E005123F6 /* GDataMediaKeywords.m */,
				155BF3810EA1403E005123F6 /* GDataMediaPlayer.h */,
				155BF3820EA1403E005123F6 /* GDataMediaPlayer.m */,
				155BF3830EA1403E005123F6 /* GDataMediaRating.h */,
				155BF3840EA1403E005123F6 /* GDataMediaRating.m */,
				155BF3850EA1403E005123F6 /* GDataMediaRestriction.h */,
				155BF3860EA1403E005123F6 /* GDataMediaRestriction.m */,
				155BF3870EA1403E005123F6 /* GDataMediaThumbnail.h */,
				155BF3880EA1403E005123F6 /* GDataMediaThumbnail.m */,
				155BF3890EA1403E005123F6 /* GDataNormalPlayTime.h */,
				155BF38A0EA1403E005123F6 /* GDataNormalPlayTime.m */,
			);
			name = Media;
			path = GData/Source/Media;
			sourceTree = SOURCE_ROOT;
		};
		15AC4E4A0F3419B800250324 /* Networking */ = {
			isa = PBXGroup;
			children = (
				15AC4E4B0F3419B800250324 /* GDataGatherInputStream.h */,
				15AC4E4C0F3419B800250324 /* GDataGatherInputStream.m */,
				15AC4E4D0F3419B800250324 /* GDataHTTPFetcher.h */,
				15AC4E4E0F3419B800250324 /* GDataHTTPFetcher.m */,
				15AC4E4F0F3419B800250324 /* GDataHTTPFetcherLogging.h */,
				15AC4E500F3419B800250324 /* GDataHTTPFetcherLogging.m */,
				15AC4E510F3419B800250324 /* GDataMIMEDocument.h */,
				15AC4E520F3419B800250324 /* GDataMIMEDocument.m */,
				15AC4E530F3419B800250324 /* GDataProgressMonitorInputStream.h */,
				15AC4E540F3419B800250324 /* GDataProgressMonitorInputStream.m */,
				15AC4E550F3419B800250324 /* GDataServerError.h */,
				15AC4E560F3419B800250324 /* GDataServerError.m */,
			);
			name = Networking;
			path = GData/Source/Networking;
			sourceTree = SOURCE_ROOT;
		};
		15AC4E5F0F341A1500250324 /* ACL */ = {
			isa = PBXGroup;
			children = (
				15AC4E600F341A1500250324 /* GDataACL.h */,
				15AC4E610F341A1500250324 /* GDataACLRole.h */,
				15AC4E620F341A1500250324 /* GDataACLRole.m */,
				15AC4E630F341A1500250324 /* GDataACLScope.h */,
				15AC4E640F341A1500250324 /* GDataACLScope.m */,
				15AC4E650F341A1500250324 /* GDataEntryACL.h */,
				15AC4E660F341A1500250324 /* GDataEntryACL.m */,
				15AC4E670F341A1500250324 /* GDataFeedACL.h */,
				15AC4E680F341A1500250324 /* GDataFeedACL.m */,
				15AC4E690F341A1500250324 /* GDataServiceACL.h */,
				15AC4E6A0F341A1500250324 /* GDataServiceACL.m */,
			);
			name = ACL;
			path = GData/Source/ACL;
			sourceTree = SOURCE_ROOT;
		};
		15E821440E748613003322DC /* GData Sources */ = {
			isa = PBXGroup;
			children = (
				15AC4E5F0F341A1500250324 /* ACL */,
				15AC4E4A0F3419B800250324 /* Networking */,
				15E821F60E748613003322DC /* Docs */,
				15E821450E748613003322DC /* Common */,
			);
			name = "GData Sources";
			sourceTree = "<group>";
		};
		15E821450E748613003322DC /* Common */ = {
			isa = PBXGroup;
			children = (
				155BF3720EA14022005123F6 /* Geo */,
				155BF3760EA1403E005123F6 /* Media */,
				15E821B50E748613003322DC /* ACL */,
				15E821AA0E748613003322DC /* Networking */,
				15E821630E748613003322DC /* Elements */,
				15E8214E0E748613003322DC /* BaseClasses */,
				15E821460E748613003322DC /* GData.h */,
				15E821470E748613003322DC /* GDataDefines.h */,
				15E821480E748613003322DC /* GDataFramework.h */,
				15E821490E748613003322DC /* GDataFramework.m */,
				15E8214A0E748613003322DC /* GDataUtilities.h */,
				15E8214B0E748613003322DC /* GDataUtilities.m */,
				15E8214C0E748613003322DC /* GDataXMLNode.m */,
				15E8214D0E748613003322DC /* GDataXMLNode.h */,
			);
			name = Common;
			sourceTree = "<group>";
		};
		15E8214E0E748613003322DC /* BaseClasses */ = {
			isa = PBXGroup;
			children = (
				15E8214F0E748613003322DC /* GDataObject.h */,
				15E821500E748613003322DC /* GDataObject.m */,
				15E821510E748613003322DC /* GDataEntryBase.h */,
				15E821520E748613003322DC /* GDataEntryBase.m */,
				15E821550E748613003322DC /* GDataFeedBase.h */,
				15E821560E748613003322DC /* GDataFeedBase.m */,
				15E8215D0E748613003322DC /* GDataQuery.h */,
				15E8215E0E748613003322DC /* GDataQuery.m */,
				15E8215F0E748613003322DC /* GDataServiceBase.h */,
				15E821600E748613003322DC /* GDataServiceBase.m */,
				15E821610E748613003322DC /* GDataServiceGoogle.h */,
				15E821620E748613003322DC /* GDataServiceGoogle.m */,
			);
			name = BaseClasses;
			sourceTree = "<group>";
		};
		15E821630E748613003322DC /* Elements */ = {
			isa = PBXGroup;
			children = (
				15E821640E748613003322DC /* GDataElements.h */,
				15E821650E748613003322DC /* GDataBaseElements.m */,
				15E821660E748613003322DC /* GDataBaseElements.h */,
				15E821670E748613003322DC /* GDataAtomPubControl.h */,
				15E821680E748613003322DC /* GDataAtomPubControl.m */,
				15E821690E748613003322DC /* GDataLink.h */,
				15E8216A0E748613003322DC /* GDataLink.m */,
				15E8216B0E748613003322DC /* GDataPerson.h */,
				15E8216C0E748613003322DC /* GDataPerson.m */,
				15E8216D0E748613003322DC /* GDataComment.h */,
				15E8216E0E748613003322DC /* GDataComment.m */,
				15E8216F0E748613003322DC /* GDataEntryLink.h */,
				15E821700E748613003322DC /* GDataEntryLink.m */,
				15E821710E748613003322DC /* GDataFeedLink.h */,
				15E821720E748613003322DC /* GDataFeedLink.m */,
				15E821730E748613003322DC /* GDataCategory.m */,
				15E821740E748613003322DC /* GDataCategory.h */,
				15E821750E748613003322DC /* GDataDeleted.h */,
				15E821760E748613003322DC /* GDataDeleted.m */,
				15E821770E748613003322DC /* GDataMoney.m */,
				15E821780E748613003322DC /* GDataMoney.h */,
				15E821790E748613003322DC /* GDataWho.m */,
				15E8217A0E748613003322DC /* GDataWho.h */,
				15E8217B0E748613003322DC /* GDataWhere.h */,
				15E8217C0E748613003322DC /* GDataWhere.m */,
				15E8217D0E748613003322DC /* GDataWhen.h */,
				15E8217E0E748613003322DC /* GDataWhen.m */,
				15E8217F0E748613003322DC /* GDataWhere.h */,
				15E821840E748613003322DC /* GDataGenerator.m */,
				15E821850E748613003322DC /* GDataGenerator.h */,
				15E821860E748613003322DC /* GDataTextConstruct.h */,
				15E821870E748613003322DC /* GDataTextConstruct.m */,
				15E821880E748613003322DC /* GDataValueConstruct.h */,
				15E821890E748613003322DC /* GDataValueConstruct.m */,
				15E8218A0E748613003322DC /* GDataExtendedProperty.h */,
				15E8218B0E748613003322DC /* GDataExtendedProperty.m */,
				15E8218C0E748613003322DC /* GDataEntryContent.h */,
				15E8218D0E748613003322DC /* GDataEntryContent.m */,
				15E821920E748613003322DC /* GDataEmail.h */,
				15E821930E748613003322DC /* GDataEmail.m */,
				15E821940E748613003322DC /* GDataGeoPt.h */,
				15E821950E748613003322DC /* GDataGeoPt.m */,
				15E821960E748613003322DC /* GDataIM.h */,
				15E821970E748613003322DC /* GDataIM.m */,
				15E821980E748613003322DC /* GDataOrganization.h */,
				15E821990E748613003322DC /* GDataOrganization.m */,
				15E8219A0E748613003322DC /* GDataPhoneNumber.h */,
				15E8219B0E748613003322DC /* GDataPhoneNumber.m */,
				15E8219C0E748613003322DC /* GDataPostalAddress.h */,
				15E8219D0E748613003322DC /* GDataPostalAddress.m */,
				15E8219E0E748613003322DC /* GDataRating.h */,
				15E8219F0E748613003322DC /* GDataRating.m */,
				15E821A00E748613003322DC /* GDataDateTime.h */,
				15E821A10E748613003322DC /* GDataDateTime.m */,
				15E821A20E748613003322DC /* GDataBatchOperation.h */,
				15E821A30E748613003322DC /* GDataBatchOperation.m */,
				15E821A40E748613003322DC /* GDataBatchID.h */,
				15E821A50E748613003322DC /* GDataBatchID.m */,
				15E821A60E748613003322DC /* GDataBatchStatus.h */,
				15E821A70E748613003322DC /* GDataBatchStatus.m */,
				15E821A80E748613003322DC /* GDataBatchInterrupted.h */,
				15E821A90E748613003322DC /* GDataBatchInterrupted.m */,
			);
			name = Elements;
			sourceTree = "<group>";
		};
		15E821AA0E748613003322DC /* Networking */ = {
			isa = PBXGroup;
			children = (
			);
			name = Networking;
			sourceTree = "<group>";
		};
		15E821B50E748613003322DC /* ACL */ = {
			isa = PBXGroup;
			children = (
			);
			name = ACL;
			sourceTree = "<group>";
		};
		15E821F60E748613003322DC /* Docs */ = {
			isa = PBXGroup;
			children = (
				15E821F70E748613003322DC /* GDataDocs.h */,
				15E821F80E748613003322DC /* GDataEntryDocBase.h */,
				15E821F90E748613003322DC /* GDataEntryDocBase.m */,
				15A326FD0ED7ED1300C16388 /* GDataEntryFolderDoc.h */,
				15A326FE0ED7ED1300C16388 /* GDataEntryFolderDoc.m */,
				15E821FA0E748613003322DC /* GDataEntryStandardDoc.h */,
				15E821FB0E748613003322DC /* GDataEntryStandardDoc.m */,
				15E821FC0E748613003322DC /* GDataEntrySpreadsheetDoc.h */,
				15E821FD0E748613003322DC /* GDataEntrySpreadsheetDoc.m */,
				15E821FE0E748613003322DC /* GDataEntryPresentationDoc.h */,
				15E821FF0E748613003322DC /* GDataEntryPresentationDoc.m */,
				15E822000E748613003322DC /* GDataEntryPDFDoc.h */,
				15E822010E748613003322DC /* GDataEntryPDFDoc.m */,
				15E822020E748613003322DC /* GDataFeedDocList.h */,
				15E822030E748613003322DC /* GDataFeedDocList.m */,
				15E822040E748613003322DC /* GDataServiceGoogleDocs.h */,
				15E822050E748613003322DC /* GDataServiceGoogleDocs.m */,
				15E822060E748613003322DC /* GDataQueryDocs.m */,
				15E822070E748613003322DC /* GDataQueryDocs.h */,
			);
			name = Docs;
			sourceTree = "<group>";
		};
		19C28FACFE9D520D11CA2CBB /* Products */ = {
			isa = PBXGroup;
			children = (
				1D6058910D05DD3D006BFB54 /* Glucose.app */,
			);
			name = Products;
			sourceTree = "<group>";
		};
		29B97314FDCFA39411CA2CEA /* CustomTemplate */ = {
			isa = PBXGroup;
			children = (
				150829D90E500B2400FB556A /* Constants.h */,
				15E821440E748613003322DC /* GData Sources */,
				150829BF0E500A1C00FB556A /* ViewControllers */,
				150829A70E50087B00FB556A /* TableCells */,
				080E96DDFE201D6D7F000001 /* Classes */,
				29B97315FDCFA39411CA2CEA /* Other Sources */,
				29B97317FDCFA39411CA2CEA /* Resources */,
				29B97323FDCFA39411CA2CEA /* Frameworks */,
				19C28FACFE9D520D11CA2CBB /* Products */,
				15A321910ED28A7E00C16388 /* AddressBook.framework */,
				15A321930ED28A7E00C16388 /* AddressBookUI.framework */,
			);
			name = CustomTemplate;
			sourceTree = "<group>";
		};
		29B97315FDCFA39411CA2CEA /* Other Sources */ = {
			isa = PBXGroup;
			children = (
				32CA4F630368D1EE00C91783 /* Glucose_Prefix.pch */,
				29B97316FDCFA39411CA2CEA /* main.m */,
			);
			name = "Other Sources";
			sourceTree = "<group>";
		};
		29B97317FDCFA39411CA2CEA /* Resources */ = {
			isa = PBXGroup;
			children = (
				15051FFE0E6E47CC00E0BAE4 /* Entitlements.plist */,
				1585DEC00E6A217200FB9C39 /* glucose.sqlite */,
				1576A8B50E6667F7004EBBC0 /* Icon.png */,
				8D1107310486CEB800E47090 /* Info.plist */,
			);
			name = Resources;
			sourceTree = "<group>";
		};
		29B97323FDCFA39411CA2CEA /* Frameworks */ = {
			isa = PBXGroup;
			children = (
				153F26A00E7F70C000F75D9F /* Security.framework */,
				159E84400E5558BD0097EA6F /* libsqlite3.0.dylib */,
				150829F10E500DCA00FB556A /* CoreGraphics.framework */,
				1DF5F4DF0D08C38300B7A737 /* UIKit.framework */,
				1D30AB110D05D00D00671497 /* Foundation.framework */,
			);
			name = Frameworks;
			sourceTree = "<group>";
		};
/* End PBXGroup section */

/* Begin PBXNativeTarget section */
		1D6058900D05DD3D006BFB54 /* Glucose */ = {
			isa = PBXNativeTarget;
			buildConfigurationList = 1D6058960D05DD3E006BFB54 /* Build configuration list for PBXNativeTarget "Glucose" */;
			buildPhases = (
				1585DEB10E6A202D00FB9C39 /* Build Default Database */,
				1D60588D0D05DD3D006BFB54 /* Resources */,
				1D60588E0D05DD3D006BFB54 /* Sources */,
				1D60588F0D05DD3D006BFB54 /* Frameworks */,
				15E2F6F10EF36A0300EA2116 /* Create Zip File */,
			);
			buildRules = (
			);
			dependencies = (
			);
			name = Glucose;
			productName = Glucose;
			productReference = 1D6058910D05DD3D006BFB54 /* Glucose.app */;
			productType = "com.apple.product-type.application";
		};
/* End PBXNativeTarget section */

/* Begin PBXProject section */
		29B97313FDCFA39411CA2CEA /* Project object */ = {
			isa = PBXProject;
			buildConfigurationList = C01FCF4E08A954540054247B /* Build configuration list for PBXProject "Glucose" */;
			compatibilityVersion = "Xcode 3.1";
			hasScannedForEncodings = 1;
			mainGroup = 29B97314FDCFA39411CA2CEA /* CustomTemplate */;
			projectDirPath = "";
			projectRoot = "";
			targets = (
				1D6058900D05DD3D006BFB54 /* Glucose */,
			);
		};
/* End PBXProject section */

/* Begin PBXResourcesBuildPhase section */
		1D60588D0D05DD3D006BFB54 /* Resources */ = {
			isa = PBXResourcesBuildPhase;
			buildActionMask = 2147483647;
			files = (
				1576A8B60E6667F7004EBBC0 /* Icon.png in Resources */,
				1585DEC10E6A217200FB9C39 /* glucose.sqlite in Resources */,
			);
			runOnlyForDeploymentPostprocessing = 0;
		};
/* End PBXResourcesBuildPhase section */

/* Begin PBXShellScriptBuildPhase section */
		1585DEB10E6A202D00FB9C39 /* Build Default Database */ = {
			isa = PBXShellScriptBuildPhase;
			buildActionMask = 2147483647;
			files = (
			);
			inputPaths = (
				"$(SRCROOT)/glucose_beta1.sql",
				"$(SRCROOT)/default.sql",
			);
			name = "Build Default Database";
			outputPaths = (
				"$(SRCROOT)/glucose.sqlite",
			);
			runOnlyForDeploymentPostprocessing = 0;
			shellPath = /bin/sh;
			shellScript = "rm -f glucose.sqlite\nsqlite3 glucose.sqlite < default.sql\n#sqlite3 glucose.sqlite < glucose_beta1.sql";
		};
		15E2F6F10EF36A0300EA2116 /* Create Zip File */ = {
			isa = PBXShellScriptBuildPhase;
			buildActionMask = 2147483647;
			files = (
			);
			inputPaths = (
				"$(BUILT_PRODUCTS_DIR)/$(PRODUCT_NAME).app",
			);
			name = "Create Zip File";
			outputPaths = (
				"$(PRODUCT_NAME).app",
			);
			runOnlyForDeploymentPostprocessing = 0;
			shellPath = /bin/sh;
			shellScript = "cd $BUILT_PRODUCTS_DIR\nzip -qry $PRODUCT_NAME.zip $PRODUCT_NAME.app";
			showEnvVarsInLog = 0;
		};
/* End PBXShellScriptBuildPhase section */

/* Begin PBXSourcesBuildPhase section */
		1D60588E0D05DD3D006BFB54 /* Sources */ = {
			isa = PBXSourcesBuildPhase;
			buildActionMask = 2147483647;
			files = (
				1D60589B0D05DD56006BFB54 /* main.m in Sources */,
				1D3623260D0F684500981E51 /* AppDelegate.m in Sources */,
				150829BD0E5009B400FB556A /* DoseFieldCell.m in Sources */,
				150829BE0E5009B400FB556A /* DualTableViewCell.m in Sources */,
				150829CA0E500A9700FB556A /* CategoryViewController.m in Sources */,
				150829CB0E500A9700FB556A /* InsulinTypeViewController.m in Sources */,
				150829CC0E500A9700FB556A /* LogEntryViewController.m in Sources */,
				150829D50E500B0500FB556A /* Category.m in Sources */,
				150829D60E500B0500FB556A /* InsulinDose.m in Sources */,
				150829D70E500B0500FB556A /* InsulinType.m in Sources */,
				150829D80E500B0500FB556A /* LogEntry.m in Sources */,
				150829FE0E500E1000FB556A /* LogViewController.m in Sources */,
				159E81980E5156A40097EA6F /* LogEntryCell.m in Sources */,
				159B8F500E7243A7002C3975 /* SettingsViewController.m in Sources */,
				159B8F510E7243A7002C3975 /* SlidingViewController.m in Sources */,
				15E822C80E748613003322DC /* GDataFramework.m in Sources */,
				15E822C90E748613003322DC /* GDataUtilities.m in Sources */,
				15E822CA0E748613003322DC /* GDataXMLNode.m in Sources */,
				15E822CB0E748613003322DC /* GDataObject.m in Sources */,
				15E822CC0E748613003322DC /* GDataEntryBase.m in Sources */,
				15E822CE0E748613003322DC /* GDataFeedBase.m in Sources */,
				15E822D20E748613003322DC /* GDataQuery.m in Sources */,
				15E822D30E748613003322DC /* GDataServiceBase.m in Sources */,
				15E822D40E748613003322DC /* GDataServiceGoogle.m in Sources */,
				15E822D50E748613003322DC /* GDataBaseElements.m in Sources */,
				15E822D60E748613003322DC /* GDataAtomPubControl.m in Sources */,
				15E822D70E748613003322DC /* GDataLink.m in Sources */,
				15E822D90E748613003322DC /* GDataComment.m in Sources */,
				15E822DA0E748613003322DC /* GDataEntryLink.m in Sources */,
				15E822DB0E748613003322DC /* GDataFeedLink.m in Sources */,
				15E822DC0E748613003322DC /* GDataCategory.m in Sources */,
				15E822DD0E748613003322DC /* GDataDeleted.m in Sources */,
				15E822DF0E748613003322DC /* GDataWho.m in Sources */,
				15E822E00E748613003322DC /* GDataWhere.m in Sources */,
				15E822E10E748613003322DC /* GDataWhen.m in Sources */,
				15E822E40E748613003322DC /* GDataGenerator.m in Sources */,
				15E822E50E748613003322DC /* GDataTextConstruct.m in Sources */,
				15E822E60E748613003322DC /* GDataValueConstruct.m in Sources */,
				15E822E70E748613003322DC /* GDataExtendedProperty.m in Sources */,
				15E822E80E748613003322DC /* GDataEntryContent.m in Sources */,
				15E822EB0E748613003322DC /* GDataEmail.m in Sources */,
				15E822ED0E748613003322DC /* GDataIM.m in Sources */,
				15E822EE0E748613003322DC /* GDataOrganization.m in Sources */,
				15E822F10E748613003322DC /* GDataRating.m in Sources */,
				15E822F20E748613003322DC /* GDataDateTime.m in Sources */,
				15E822F30E748613003322DC /* GDataBatchOperation.m in Sources */,
				15E822F40E748613003322DC /* GDataBatchID.m in Sources */,
				15E822F50E748613003322DC /* GDataBatchStatus.m in Sources */,
				15E822F60E748613003322DC /* GDataBatchInterrupted.m in Sources */,
				15E823190E748613003322DC /* GDataEntryDocBase.m in Sources */,
				15E8231A0E748613003322DC /* GDataEntryStandardDoc.m in Sources */,
				15E8231B0E748613003322DC /* GDataEntrySpreadsheetDoc.m in Sources */,
				15E8231E0E748613003322DC /* GDataFeedDocList.m in Sources */,
				15E8231F0E748613003322DC /* GDataServiceGoogleDocs.m in Sources */,
				15E823200E748613003322DC /* GDataQueryDocs.m in Sources */,
				15E823D50E74BA7E003322DC /* ExportViewController.m in Sources */,
				1595CF570E999E1C00DA7CC6 /* PurgeViewController.m in Sources */,
				15E976AA0EAB0099000CF411 /* GDataGeoPt.m in Sources */,
				15E976AD0EAB00BE000CF411 /* GDataPerson.m in Sources */,
				15AF2FE20EC1799F00FC2403 /* LogDay.m in Sources */,
				15A320720EC55E6500C16388 /* LabelCell.m in Sources */,
				15A322480ED35C9F00C16388 /* ContactListViewController.m in Sources */,
				15A3225A0ED3E0D000C16388 /* Contact.m in Sources */,
				15A326FF0ED7ED1300C16388 /* GDataEntryFolderDoc.m in Sources */,
				155A24660F2971160077FC20 /* NumberFieldCell.m in Sources */,
				155A26970F29B04B0077FC20 /* TextViewCell.m in Sources */,
				155A26990F29B0610077FC20 /* TextFieldCell.m in Sources */,
				155A26A90F2AF5810077FC20 /* NumberField.m in Sources */,
				15AC4E570F3419B800250324 /* GDataGatherInputStream.m in Sources */,
				15AC4E580F3419B800250324 /* GDataHTTPFetcher.m in Sources */,
				15AC4E590F3419B800250324 /* GDataHTTPFetcherLogging.m in Sources */,
				15AC4E5A0F3419B800250324 /* GDataMIMEDocument.m in Sources */,
				15AC4E5B0F3419B800250324 /* GDataProgressMonitorInputStream.m in Sources */,
				15AC4E5C0F3419B800250324 /* GDataServerError.m in Sources */,
				15AC4E6B0F341A1500250324 /* GDataACLRole.m in Sources */,
				15AC4E6C0F341A1500250324 /* GDataACLScope.m in Sources */,
				15AC4E6D0F341A1500250324 /* GDataEntryACL.m in Sources */,
				15AC4E6E0F341A1500250324 /* GDataFeedACL.m in Sources */,
				15AC4E6F0F341A1500250324 /* GDataServiceACL.m in Sources */,
			);
			runOnlyForDeploymentPostprocessing = 0;
		};
/* End PBXSourcesBuildPhase section */

/* Begin XCBuildConfiguration section */
		15417D1B0EB021F400C7E51E /* AdHoc */ = {
			isa = XCBuildConfiguration;
			buildSettings = {
				ARCHS = "$(ARCHS_STANDARD_32_BIT)";
				"CODE_SIGN_IDENTITY[sdk=iphoneos*]" = "iPhone Distribution: Brandon Fosdick";
				GCC_C_LANGUAGE_STANDARD = c99;
				GCC_WARN_ABOUT_RETURN_TYPE = YES;
				GCC_WARN_UNUSED_VARIABLE = YES;
				HEADER_SEARCH_PATHS = /usr/include/libxml2;
				OTHER_LDFLAGS = "-lxml2";
				PREBINDING = NO;
				"PROVISIONING_PROFILE[sdk=iphoneos*]" = "ED3C208A-8794-462C-87A5-1FE41EE29DB9";
				SDKROOT = iphoneos3.0;
			};
			name = AdHoc;
		};
		15417D1C0EB021F400C7E51E /* AdHoc */ = {
			isa = XCBuildConfiguration;
			buildSettings = {
				ALWAYS_SEARCH_USER_PATHS = NO;
				COPY_PHASE_STRIP = YES;
				GCC_PRECOMPILE_PREFIX_HEADER = YES;
				GCC_PREFIX_HEADER = Glucose_Prefix.pch;
				INFOPLIST_FILE = Info.plist;
				PRODUCT_NAME = Glucose;
			};
			name = AdHoc;
		};
		159E81AD0E51634C0097EA6F /* Device Debug */ = {
			isa = XCBuildConfiguration;
			buildSettings = {
				ARCHS = "$(ARCHS_STANDARD_32_BIT)";
				"CODE_SIGN_IDENTITY[sdk=iphoneos*]" = "iPhone Developer";
				GCC_C_LANGUAGE_STANDARD = c99;
				GCC_WARN_ABOUT_RETURN_TYPE = YES;
				GCC_WARN_UNUSED_VARIABLE = YES;
				ONLY_ACTIVE_ARCH = YES;
				PREBINDING = NO;
				SDKROOT = iphoneos3.0;
			};
			name = "Device Debug";
		};
		159E81AE0E51634C0097EA6F /* Device Debug */ = {
			isa = XCBuildConfiguration;
			buildSettings = {
				ALWAYS_SEARCH_USER_PATHS = NO;
				COPY_PHASE_STRIP = NO;
				GCC_DYNAMIC_NO_PIC = NO;
				GCC_OPTIMIZATION_LEVEL = 0;
				GCC_PRECOMPILE_PREFIX_HEADER = YES;
				GCC_PREFIX_HEADER = Glucose_Prefix.pch;
				INFOPLIST_FILE = Info.plist;
				PRODUCT_NAME = Glucose;
			};
			name = "Device Debug";
		};
		1D6058940D05DD3E006BFB54 /* Debug */ = {
			isa = XCBuildConfiguration;
			buildSettings = {
				ALWAYS_SEARCH_USER_PATHS = NO;
				COPY_PHASE_STRIP = NO;
				GCC_DYNAMIC_NO_PIC = NO;
				GCC_OPTIMIZATION_LEVEL = 0;
				GCC_PRECOMPILE_PREFIX_HEADER = YES;
				GCC_PREFIX_HEADER = Glucose_Prefix.pch;
				INFOPLIST_FILE = Info.plist;
				PRODUCT_NAME = Glucose;
			};
			name = Debug;
		};
		1D6058950D05DD3E006BFB54 /* AppStore */ = {
			isa = XCBuildConfiguration;
			buildSettings = {
				ALWAYS_SEARCH_USER_PATHS = NO;
				COPY_PHASE_STRIP = YES;
				GCC_PRECOMPILE_PREFIX_HEADER = YES;
				GCC_PREFIX_HEADER = Glucose_Prefix.pch;
				INFOPLIST_FILE = Info.plist;
				PRODUCT_NAME = Glucose;
			};
			name = AppStore;
		};
		C01FCF4F08A954540054247B /* Debug */ = {
			isa = XCBuildConfiguration;
			buildSettings = {
				ARCHS = "$(ARCHS_STANDARD_32_BIT)";
				"CODE_SIGN_IDENTITY[sdk=iphoneos*]" = "iPhone Developer: Brandon Fosdick";
				GCC_C_LANGUAGE_STANDARD = c99;
				GCC_WARN_ABOUT_RETURN_TYPE = YES;
				GCC_WARN_UNUSED_VARIABLE = YES;
				HEADER_SEARCH_PATHS = /usr/include/libxml2;
				ONLY_ACTIVE_ARCH = YES;
				OTHER_LDFLAGS = "-lxml2";
				PREBINDING = NO;
				SDKROOT = iphonesimulator3.0;
			};
			name = Debug;
		};
		C01FCF5008A954540054247B /* AppStore */ = {
			isa = XCBuildConfiguration;
			buildSettings = {
				ARCHS = "$(ARCHS_STANDARD_32_BIT)";
				"CODE_SIGN_IDENTITY[sdk=iphoneos*]" = "iPhone Distribution: Brandon Fosdick";
				GCC_C_LANGUAGE_STANDARD = c99;
				GCC_WARN_ABOUT_RETURN_TYPE = YES;
				GCC_WARN_UNUSED_VARIABLE = YES;
				HEADER_SEARCH_PATHS = /usr/include/libxml2;
				OTHER_LDFLAGS = "-lxml2";
				PREBINDING = NO;
				"PROVISIONING_PROFILE[sdk=iphoneos*]" = "71D3E2D4-7385-4515-8E20-76BD897B4A3E";
				SDKROOT = iphoneos3.0;
			};
			name = AppStore;
		};
/* End XCBuildConfiguration section */

/* Begin XCConfigurationList section */
		1D6058960D05DD3E006BFB54 /* Build configuration list for PBXNativeTarget "Glucose" */ = {
			isa = XCConfigurationList;
			buildConfigurations = (
				1D6058940D05DD3E006BFB54 /* Debug */,
				159E81AE0E51634C0097EA6F /* Device Debug */,
				1D6058950D05DD3E006BFB54 /* AppStore */,
				15417D1C0EB021F400C7E51E /* AdHoc */,
			);
			defaultConfigurationIsVisible = 0;
			defaultConfigurationName = AppStore;
		};
		C01FCF4E08A954540054247B /* Build configuration list for PBXProject "Glucose" */ = {
			isa = XCConfigurationList;
			buildConfigurations = (
				C01FCF4F08A954540054247B /* Debug */,
				159E81AD0E51634C0097EA6F /* Device Debug */,
				C01FCF5008A954540054247B /* AppStore */,
				15417D1B0EB021F400C7E51E /* AdHoc */,
			);
			defaultConfigurationIsVisible = 0;
			defaultConfigurationName = AppStore;
		};
/* End XCConfigurationList section */
	};
	rootObject = 29B97313FDCFA39411CA2CEA /* Project object */;
}
